<?xml version="1.0" encoding="UTF-8"?>
<Project ToolsVersion="12.0" xmlns="http://schemas.microsoft.com/developer/msbuild/2003">
  <ItemGroup>
    <ClCompile Include="D:\file\code\git\3d\TheiaSfM\libraries\flann\src\cpp\flann\flann_cpp.cpp">
      <Filter>Source Files</Filter>
    </ClCompile>
    <ClCompile Include="D:\file\code\git\3d\TheiaSfM\libraries\flann\src\cpp\flann\ext\lz4.c">
      <Filter>Source Files</Filter>
    </ClCompile>
    <ClCompile Include="D:\file\code\git\3d\TheiaSfM\libraries\flann\src\cpp\flann\ext\lz4hc.c">
      <Filter>Source Files</Filter>
    </ClCompile>
  </ItemGroup>
  <ItemGroup>
    <CustomBuild Include="D:\file\code\git\3d\TheiaSfM\libraries\flann\src\cpp\CMakeLists.txt" />
  </ItemGroup>
  <ItemGroup>
    <Filter Include="Source Files">
      <UniqueIdentifier>{CBF9544C-4F6C-32B1-A0D9-CD4C1DEE63A9}</UniqueIdentifier>
    </Filter>
  </ItemGroup>
</Project>
