<?xml version="1.0" encoding="utf-8"?>
<Project ToolsVersion="12.0" xmlns="http://schemas.microsoft.com/developer/msbuild/2003">
  <ItemGroup>
    <ClCompile Include="..\..\applications\view_reconstruction.cc">
      <Filter>Source Files</Filter>
    </ClCompile>
    <ClCompile Include="..\common\Utility.cpp">
      <Filter>custom</Filter>
    </ClCompile>
  </ItemGroup>
  <ItemGroup>
    <Filter Include="Source Files">
      <UniqueIdentifier>{E0E7CEE7-AB82-4AB0-BF69-F03D37D17519}</UniqueIdentifier>
    </Filter>
    <Filter Include="custom">
      <UniqueIdentifier>{d6ede40a-1c44-46b0-b670-7021e4687882}</UniqueIdentifier>
    </Filter>
  </ItemGroup>
  <ItemGroup>
    <ClInclude Include="..\common\bmp2gif.h">
      <Filter>custom</Filter>
    </ClInclude>
    <ClInclude Include="..\common\bmpHeader.h">
      <Filter>custom</Filter>
    </ClInclude>
    <ClInclude Include="..\common\simpleBMP.h">
      <Filter>custom</Filter>
    </ClInclude>
    <ClInclude Include="..\common\Utility.h">
      <Filter>custom</Filter>
    </ClInclude>
    <ClInclude Include="..\common\stdafx.h">
      <Filter>custom</Filter>
    </ClInclude>
    <ClInclude Include="..\common\view_common.h" />
  </ItemGroup>
</Project>