Microsoft Visual Studio Solution File, Format Version 12.00
# Visual Studio 2013
Project("{8BC9CEB8-8B4A-11D0-8D11-00A0C91BC942}") = "ALL_BUILD", "ALL_BUILD.vcxproj", "{1A7807A7-31E1-4D63-A7A9-B7ED9C1E796E}"
	ProjectSection(ProjectDependencies) = postProject
		{2A505176-3C4E-40B8-BEEF-59EB7CDDA24F} = {2A505176-3C4E-40B8-BEEF-59EB7CDDA24F}
		{8C977957-700F-4614-8C3C-EF9F91D99B03} = {8C977957-700F-4614-8C3C-EF9F91D99B03}
		{82932E16-362D-450B-9E49-8A37A035FF9F} = {82932E16-362D-450B-9E49-8A37A035FF9F}
		{033363FB-2BE6-45CB-960A-B2E2D473CA84} = {033363FB-2BE6-45CB-960A-B2E2D473CA84}
		{97987726-26F7-4DDB-A1F7-0F6BF7548C20} = {97987726-26F7-4DDB-A1F7-0F6BF7548C20}
		{3A240D27-2F64-4F1D-8328-22F7CD121658} = {3A240D27-2F64-4F1D-8328-22F7CD121658}
		{03944A80-AE3F-4290-96E7-B392EC9258E3} = {03944A80-AE3F-4290-96E7-B392EC9258E3}
		{6430F184-3F3C-4D09-A7AA-B823658B70DA} = {6430F184-3F3C-4D09-A7AA-B823658B70DA}
		{978DA969-4B8F-4D6B-B035-568BECA4ADB2} = {978DA969-4B8F-4D6B-B035-568BECA4ADB2}
		{428BD948-70CE-4D77-9686-5B58EB4469BF} = {428BD948-70CE-4D77-9686-5B58EB4469BF}
		{F4F6FCEB-A92B-428A-B678-7173A1F67036} = {F4F6FCEB-A92B-428A-B678-7173A1F67036}
		{19B28F6C-0485-4223-9CA4-20A3A92691AC} = {19B28F6C-0485-4223-9CA4-20A3A92691AC}
		{DB9743EE-9DE7-4C4C-8B81-A68B20A2A6BE} = {DB9743EE-9DE7-4C4C-8B81-A68B20A2A6BE}
		{0FA23CDC-1F07-48D3-8748-66DFA6313F66} = {0FA23CDC-1F07-48D3-8748-66DFA6313F66}
		{5D4E544E-CCCD-46DF-8074-2601065EF026} = {5D4E544E-CCCD-46DF-8074-2601065EF026}
		{B2C8EAC4-BCDD-492F-A59E-1D25B53A6540} = {B2C8EAC4-BCDD-492F-A59E-1D25B53A6540}
		{9E180FF9-44F8-45A5-9C86-228B2473D3E8} = {9E180FF9-44F8-45A5-9C86-228B2473D3E8}
		{84C5F71D-F6A3-4F6F-8836-DD6AAD6A7248} = {84C5F71D-F6A3-4F6F-8836-DD6AAD6A7248}
		{9A4B780D-1FED-4032-9019-C86F5DCE3F3C} = {9A4B780D-1FED-4032-9019-C86F5DCE3F3C}
		{276CF925-F148-4CCD-A061-BB566D2DACB1} = {276CF925-F148-4CCD-A061-BB566D2DACB1}
		{46411E59-3F52-4B07-BC9F-F020C529FE5A} = {46411E59-3F52-4B07-BC9F-F020C529FE5A}
		{9EE34E1C-E24F-4532-9AE2-557BE84FA33A} = {9EE34E1C-E24F-4532-9AE2-557BE84FA33A}
		{7874725E-9C84-446A-957B-88FAF8AF49EB} = {7874725E-9C84-446A-957B-88FAF8AF49EB}
		{25F66D9A-F3BC-4772-9DEF-0EC83187078A} = {25F66D9A-F3BC-4772-9DEF-0EC83187078A}
		{D7450D3D-7B2A-47FF-AA8B-2B08731F7E2F} = {D7450D3D-7B2A-47FF-AA8B-2B08731F7E2F}
		{8D59FCEA-709E-45C0-BA1D-4DC52866BA17} = {8D59FCEA-709E-45C0-BA1D-4DC52866BA17}
		{443CDC57-4AE9-46C5-B9F7-681263BB6ABC} = {443CDC57-4AE9-46C5-B9F7-681263BB6ABC}
		{4A64071B-6D01-4715-B508-D73A61409E04} = {4A64071B-6D01-4715-B508-D73A61409E04}
		{7C2A8BF6-D2A2-4852-8EE5-8F52A4E5F467} = {7C2A8BF6-D2A2-4852-8EE5-8F52A4E5F467}
		{6854136B-20CD-4CEA-BBA5-0FD67954A8E7} = {6854136B-20CD-4CEA-BBA5-0FD67954A8E7}
		{8EFD32BC-203D-4EC2-BFC9-C9B36CFCD813} = {8EFD32BC-203D-4EC2-BFC9-C9B36CFCD813}
		{E01309CE-F729-4EDA-BE4C-534169522975} = {E01309CE-F729-4EDA-BE4C-534169522975}
		{A43C369C-746D-4FF7-8969-41A3F5816AAC} = {A43C369C-746D-4FF7-8969-41A3F5816AAC}
	EndProjectSection
EndProject
Project("{8BC9CEB8-8B4A-11D0-8D11-00A0C91BC942}") = "INSTALL", "INSTALL.vcxproj", "{F4C3F1EB-0535-4149-B479-74E2B892D538}"
	ProjectSection(ProjectDependencies) = postProject
		{1A7807A7-31E1-4D63-A7A9-B7ED9C1E796E} = {1A7807A7-31E1-4D63-A7A9-B7ED9C1E796E}
	EndProjectSection
EndProject
Project("{8BC9CEB8-8B4A-11D0-8D11-00A0C91BC942}") = "PACKAGE", "PACKAGE.vcxproj", "{DDF3D4C8-60FB-4CB6-ADDC-B18E18D9A105}"
	ProjectSection(ProjectDependencies) = postProject
		{1A7807A7-31E1-4D63-A7A9-B7ED9C1E796E} = {1A7807A7-31E1-4D63-A7A9-B7ED9C1E796E}
	EndProjectSection
EndProject
Project("{8BC9CEB8-8B4A-11D0-8D11-00A0C91BC942}") = "RUN_TESTS", "RUN_TESTS.vcxproj", "{60C1BCF7-926C-40EC-90CF-F998B2DBCF16}"
	ProjectSection(ProjectDependencies) = postProject
	EndProjectSection
EndProject
Project("{8BC9CEB8-8B4A-11D0-8D11-00A0C91BC942}") = "ZERO_CHECK", "ZERO_CHECK.vcxproj", "{2A505176-3C4E-40B8-BEEF-59EB7CDDA24F}"
	ProjectSection(ProjectDependencies) = postProject
	EndProjectSection
EndProject
Project("{8BC9CEB8-8B4A-11D0-8D11-00A0C91BC942}") = "akaze", "libraries\akaze\akaze.vcxproj", "{8C977957-700F-4614-8C3C-EF9F91D99B03}"
	ProjectSection(ProjectDependencies) = postProject
		{2A505176-3C4E-40B8-BEEF-59EB7CDDA24F} = {2A505176-3C4E-40B8-BEEF-59EB7CDDA24F}
	EndProjectSection
EndProject
Project("{8BC9CEB8-8B4A-11D0-8D11-00A0C91BC942}") = "akaze_features", "libraries\akaze\akaze_features.vcxproj", "{82932E16-362D-450B-9E49-8A37A035FF9F}"
	ProjectSection(ProjectDependencies) = postProject
		{2A505176-3C4E-40B8-BEEF-59EB7CDDA24F} = {2A505176-3C4E-40B8-BEEF-59EB7CDDA24F}
		{8C977957-700F-4614-8C3C-EF9F91D99B03} = {8C977957-700F-4614-8C3C-EF9F91D99B03}
	EndProjectSection
EndProject
Project("{8BC9CEB8-8B4A-11D0-8D11-00A0C91BC942}") = "akaze_match", "libraries\akaze\akaze_match.vcxproj", "{033363FB-2BE6-45CB-960A-B2E2D473CA84}"
	ProjectSection(ProjectDependencies) = postProject
		{2A505176-3C4E-40B8-BEEF-59EB7CDDA24F} = {2A505176-3C4E-40B8-BEEF-59EB7CDDA24F}
		{8C977957-700F-4614-8C3C-EF9F91D99B03} = {8C977957-700F-4614-8C3C-EF9F91D99B03}
	EndProjectSection
EndProject
Project("{8BC9CEB8-8B4A-11D0-8D11-00A0C91BC942}") = "build_1dsfm_reconstruction", "applications\build_1dsfm_reconstruction.vcxproj", "{97987726-26F7-4DDB-A1F7-0F6BF7548C20}"
	ProjectSection(ProjectDependencies) = postProject
		{2A505176-3C4E-40B8-BEEF-59EB7CDDA24F} = {2A505176-3C4E-40B8-BEEF-59EB7CDDA24F}
		{8C977957-700F-4614-8C3C-EF9F91D99B03} = {8C977957-700F-4614-8C3C-EF9F91D99B03}
		{7874725E-9C84-446A-957B-88FAF8AF49EB} = {7874725E-9C84-446A-957B-88FAF8AF49EB}
		{D7450D3D-7B2A-47FF-AA8B-2B08731F7E2F} = {D7450D3D-7B2A-47FF-AA8B-2B08731F7E2F}
		{8D59FCEA-709E-45C0-BA1D-4DC52866BA17} = {8D59FCEA-709E-45C0-BA1D-4DC52866BA17}
		{443CDC57-4AE9-46C5-B9F7-681263BB6ABC} = {443CDC57-4AE9-46C5-B9F7-681263BB6ABC}
		{8EFD32BC-203D-4EC2-BFC9-C9B36CFCD813} = {8EFD32BC-203D-4EC2-BFC9-C9B36CFCD813}
		{E01309CE-F729-4EDA-BE4C-534169522975} = {E01309CE-F729-4EDA-BE4C-534169522975}
	EndProjectSection
EndProject
Project("{8BC9CEB8-8B4A-11D0-8D11-00A0C91BC942}") = "build_reconstruction", "applications\build_reconstruction.vcxproj", "{3A240D27-2F64-4F1D-8328-22F7CD121658}"
	ProjectSection(ProjectDependencies) = postProject
		{2A505176-3C4E-40B8-BEEF-59EB7CDDA24F} = {2A505176-3C4E-40B8-BEEF-59EB7CDDA24F}
		{8C977957-700F-4614-8C3C-EF9F91D99B03} = {8C977957-700F-4614-8C3C-EF9F91D99B03}
		{7874725E-9C84-446A-957B-88FAF8AF49EB} = {7874725E-9C84-446A-957B-88FAF8AF49EB}
		{D7450D3D-7B2A-47FF-AA8B-2B08731F7E2F} = {D7450D3D-7B2A-47FF-AA8B-2B08731F7E2F}
		{8D59FCEA-709E-45C0-BA1D-4DC52866BA17} = {8D59FCEA-709E-45C0-BA1D-4DC52866BA17}
		{443CDC57-4AE9-46C5-B9F7-681263BB6ABC} = {443CDC57-4AE9-46C5-B9F7-681263BB6ABC}
		{8EFD32BC-203D-4EC2-BFC9-C9B36CFCD813} = {8EFD32BC-203D-4EC2-BFC9-C9B36CFCD813}
		{E01309CE-F729-4EDA-BE4C-534169522975} = {E01309CE-F729-4EDA-BE4C-534169522975}
	EndProjectSection
EndProject
Project("{8BC9CEB8-8B4A-11D0-8D11-00A0C91BC942}") = "calibrate_camera_intrinsics", "applications\calibrate_camera_intrinsics.vcxproj", "{03944A80-AE3F-4290-96E7-B392EC9258E3}"
	ProjectSection(ProjectDependencies) = postProject
		{2A505176-3C4E-40B8-BEEF-59EB7CDDA24F} = {2A505176-3C4E-40B8-BEEF-59EB7CDDA24F}
		{8C977957-700F-4614-8C3C-EF9F91D99B03} = {8C977957-700F-4614-8C3C-EF9F91D99B03}
		{7874725E-9C84-446A-957B-88FAF8AF49EB} = {7874725E-9C84-446A-957B-88FAF8AF49EB}
		{D7450D3D-7B2A-47FF-AA8B-2B08731F7E2F} = {D7450D3D-7B2A-47FF-AA8B-2B08731F7E2F}
		{8D59FCEA-709E-45C0-BA1D-4DC52866BA17} = {8D59FCEA-709E-45C0-BA1D-4DC52866BA17}
		{443CDC57-4AE9-46C5-B9F7-681263BB6ABC} = {443CDC57-4AE9-46C5-B9F7-681263BB6ABC}
		{8EFD32BC-203D-4EC2-BFC9-C9B36CFCD813} = {8EFD32BC-203D-4EC2-BFC9-C9B36CFCD813}
		{E01309CE-F729-4EDA-BE4C-534169522975} = {E01309CE-F729-4EDA-BE4C-534169522975}
	EndProjectSection
EndProject
Project("{8BC9CEB8-8B4A-11D0-8D11-00A0C91BC942}") = "colorize_reconstruction", "applications\colorize_reconstruction.vcxproj", "{6430F184-3F3C-4D09-A7AA-B823658B70DA}"
	ProjectSection(ProjectDependencies) = postProject
		{2A505176-3C4E-40B8-BEEF-59EB7CDDA24F} = {2A505176-3C4E-40B8-BEEF-59EB7CDDA24F}
		{8C977957-700F-4614-8C3C-EF9F91D99B03} = {8C977957-700F-4614-8C3C-EF9F91D99B03}
		{7874725E-9C84-446A-957B-88FAF8AF49EB} = {7874725E-9C84-446A-957B-88FAF8AF49EB}
		{D7450D3D-7B2A-47FF-AA8B-2B08731F7E2F} = {D7450D3D-7B2A-47FF-AA8B-2B08731F7E2F}
		{8D59FCEA-709E-45C0-BA1D-4DC52866BA17} = {8D59FCEA-709E-45C0-BA1D-4DC52866BA17}
		{443CDC57-4AE9-46C5-B9F7-681263BB6ABC} = {443CDC57-4AE9-46C5-B9F7-681263BB6ABC}
		{8EFD32BC-203D-4EC2-BFC9-C9B36CFCD813} = {8EFD32BC-203D-4EC2-BFC9-C9B36CFCD813}
		{E01309CE-F729-4EDA-BE4C-534169522975} = {E01309CE-F729-4EDA-BE4C-534169522975}
	EndProjectSection
EndProject
Project("{8BC9CEB8-8B4A-11D0-8D11-00A0C91BC942}") = "compare_reconstructions", "applications\compare_reconstructions.vcxproj", "{978DA969-4B8F-4D6B-B035-568BECA4ADB2}"
	ProjectSection(ProjectDependencies) = postProject
		{2A505176-3C4E-40B8-BEEF-59EB7CDDA24F} = {2A505176-3C4E-40B8-BEEF-59EB7CDDA24F}
		{8C977957-700F-4614-8C3C-EF9F91D99B03} = {8C977957-700F-4614-8C3C-EF9F91D99B03}
		{7874725E-9C84-446A-957B-88FAF8AF49EB} = {7874725E-9C84-446A-957B-88FAF8AF49EB}
		{D7450D3D-7B2A-47FF-AA8B-2B08731F7E2F} = {D7450D3D-7B2A-47FF-AA8B-2B08731F7E2F}
		{8D59FCEA-709E-45C0-BA1D-4DC52866BA17} = {8D59FCEA-709E-45C0-BA1D-4DC52866BA17}
		{443CDC57-4AE9-46C5-B9F7-681263BB6ABC} = {443CDC57-4AE9-46C5-B9F7-681263BB6ABC}
		{8EFD32BC-203D-4EC2-BFC9-C9B36CFCD813} = {8EFD32BC-203D-4EC2-BFC9-C9B36CFCD813}
		{E01309CE-F729-4EDA-BE4C-534169522975} = {E01309CE-F729-4EDA-BE4C-534169522975}
	EndProjectSection
EndProject
Project("{8BC9CEB8-8B4A-11D0-8D11-00A0C91BC942}") = "compute_matching_relative_pose_errors", "applications\compute_matching_relative_pose_errors.vcxproj", "{428BD948-70CE-4D77-9686-5B58EB4469BF}"
	ProjectSection(ProjectDependencies) = postProject
		{2A505176-3C4E-40B8-BEEF-59EB7CDDA24F} = {2A505176-3C4E-40B8-BEEF-59EB7CDDA24F}
		{8C977957-700F-4614-8C3C-EF9F91D99B03} = {8C977957-700F-4614-8C3C-EF9F91D99B03}
		{7874725E-9C84-446A-957B-88FAF8AF49EB} = {7874725E-9C84-446A-957B-88FAF8AF49EB}
		{D7450D3D-7B2A-47FF-AA8B-2B08731F7E2F} = {D7450D3D-7B2A-47FF-AA8B-2B08731F7E2F}
		{8D59FCEA-709E-45C0-BA1D-4DC52866BA17} = {8D59FCEA-709E-45C0-BA1D-4DC52866BA17}
		{443CDC57-4AE9-46C5-B9F7-681263BB6ABC} = {443CDC57-4AE9-46C5-B9F7-681263BB6ABC}
		{8EFD32BC-203D-4EC2-BFC9-C9B36CFCD813} = {8EFD32BC-203D-4EC2-BFC9-C9B36CFCD813}
		{E01309CE-F729-4EDA-BE4C-534169522975} = {E01309CE-F729-4EDA-BE4C-534169522975}
	EndProjectSection
EndProject
Project("{8BC9CEB8-8B4A-11D0-8D11-00A0C91BC942}") = "compute_reconstruction_statistics", "applications\compute_reconstruction_statistics.vcxproj", "{F4F6FCEB-A92B-428A-B678-7173A1F67036}"
	ProjectSection(ProjectDependencies) = postProject
		{2A505176-3C4E-40B8-BEEF-59EB7CDDA24F} = {2A505176-3C4E-40B8-BEEF-59EB7CDDA24F}
		{8C977957-700F-4614-8C3C-EF9F91D99B03} = {8C977957-700F-4614-8C3C-EF9F91D99B03}
		{7874725E-9C84-446A-957B-88FAF8AF49EB} = {7874725E-9C84-446A-957B-88FAF8AF49EB}
		{D7450D3D-7B2A-47FF-AA8B-2B08731F7E2F} = {D7450D3D-7B2A-47FF-AA8B-2B08731F7E2F}
		{8D59FCEA-709E-45C0-BA1D-4DC52866BA17} = {8D59FCEA-709E-45C0-BA1D-4DC52866BA17}
		{443CDC57-4AE9-46C5-B9F7-681263BB6ABC} = {443CDC57-4AE9-46C5-B9F7-681263BB6ABC}
		{8EFD32BC-203D-4EC2-BFC9-C9B36CFCD813} = {8EFD32BC-203D-4EC2-BFC9-C9B36CFCD813}
		{E01309CE-F729-4EDA-BE4C-534169522975} = {E01309CE-F729-4EDA-BE4C-534169522975}
	EndProjectSection
EndProject
Project("{8BC9CEB8-8B4A-11D0-8D11-00A0C91BC942}") = "compute_two_view_geometry", "applications\compute_two_view_geometry.vcxproj", "{19B28F6C-0485-4223-9CA4-20A3A92691AC}"
	ProjectSection(ProjectDependencies) = postProject
		{2A505176-3C4E-40B8-BEEF-59EB7CDDA24F} = {2A505176-3C4E-40B8-BEEF-59EB7CDDA24F}
		{8C977957-700F-4614-8C3C-EF9F91D99B03} = {8C977957-700F-4614-8C3C-EF9F91D99B03}
		{7874725E-9C84-446A-957B-88FAF8AF49EB} = {7874725E-9C84-446A-957B-88FAF8AF49EB}
		{D7450D3D-7B2A-47FF-AA8B-2B08731F7E2F} = {D7450D3D-7B2A-47FF-AA8B-2B08731F7E2F}
		{8D59FCEA-709E-45C0-BA1D-4DC52866BA17} = {8D59FCEA-709E-45C0-BA1D-4DC52866BA17}
		{443CDC57-4AE9-46C5-B9F7-681263BB6ABC} = {443CDC57-4AE9-46C5-B9F7-681263BB6ABC}
		{8EFD32BC-203D-4EC2-BFC9-C9B36CFCD813} = {8EFD32BC-203D-4EC2-BFC9-C9B36CFCD813}
		{E01309CE-F729-4EDA-BE4C-534169522975} = {E01309CE-F729-4EDA-BE4C-534169522975}
	EndProjectSection
EndProject
Project("{8BC9CEB8-8B4A-11D0-8D11-00A0C91BC942}") = "convert_bundle_file", "applications\convert_bundle_file.vcxproj", "{DB9743EE-9DE7-4C4C-8B81-A68B20A2A6BE}"
	ProjectSection(ProjectDependencies) = postProject
		{2A505176-3C4E-40B8-BEEF-59EB7CDDA24F} = {2A505176-3C4E-40B8-BEEF-59EB7CDDA24F}
		{8C977957-700F-4614-8C3C-EF9F91D99B03} = {8C977957-700F-4614-8C3C-EF9F91D99B03}
		{7874725E-9C84-446A-957B-88FAF8AF49EB} = {7874725E-9C84-446A-957B-88FAF8AF49EB}
		{D7450D3D-7B2A-47FF-AA8B-2B08731F7E2F} = {D7450D3D-7B2A-47FF-AA8B-2B08731F7E2F}
		{8D59FCEA-709E-45C0-BA1D-4DC52866BA17} = {8D59FCEA-709E-45C0-BA1D-4DC52866BA17}
		{443CDC57-4AE9-46C5-B9F7-681263BB6ABC} = {443CDC57-4AE9-46C5-B9F7-681263BB6ABC}
		{8EFD32BC-203D-4EC2-BFC9-C9B36CFCD813} = {8EFD32BC-203D-4EC2-BFC9-C9B36CFCD813}
		{E01309CE-F729-4EDA-BE4C-534169522975} = {E01309CE-F729-4EDA-BE4C-534169522975}
	EndProjectSection
EndProject
Project("{8BC9CEB8-8B4A-11D0-8D11-00A0C91BC942}") = "convert_nvm_file", "applications\convert_nvm_file.vcxproj", "{0FA23CDC-1F07-48D3-8748-66DFA6313F66}"
	ProjectSection(ProjectDependencies) = postProject
		{2A505176-3C4E-40B8-BEEF-59EB7CDDA24F} = {2A505176-3C4E-40B8-BEEF-59EB7CDDA24F}
		{8C977957-700F-4614-8C3C-EF9F91D99B03} = {8C977957-700F-4614-8C3C-EF9F91D99B03}
		{7874725E-9C84-446A-957B-88FAF8AF49EB} = {7874725E-9C84-446A-957B-88FAF8AF49EB}
		{D7450D3D-7B2A-47FF-AA8B-2B08731F7E2F} = {D7450D3D-7B2A-47FF-AA8B-2B08731F7E2F}
		{8D59FCEA-709E-45C0-BA1D-4DC52866BA17} = {8D59FCEA-709E-45C0-BA1D-4DC52866BA17}
		{443CDC57-4AE9-46C5-B9F7-681263BB6ABC} = {443CDC57-4AE9-46C5-B9F7-681263BB6ABC}
		{8EFD32BC-203D-4EC2-BFC9-C9B36CFCD813} = {8EFD32BC-203D-4EC2-BFC9-C9B36CFCD813}
		{E01309CE-F729-4EDA-BE4C-534169522975} = {E01309CE-F729-4EDA-BE4C-534169522975}
	EndProjectSection
EndProject
Project("{8BC9CEB8-8B4A-11D0-8D11-00A0C91BC942}") = "convert_sift_key_file", "applications\convert_sift_key_file.vcxproj", "{5D4E544E-CCCD-46DF-8074-2601065EF026}"
	ProjectSection(ProjectDependencies) = postProject
		{2A505176-3C4E-40B8-BEEF-59EB7CDDA24F} = {2A505176-3C4E-40B8-BEEF-59EB7CDDA24F}
		{8C977957-700F-4614-8C3C-EF9F91D99B03} = {8C977957-700F-4614-8C3C-EF9F91D99B03}
		{7874725E-9C84-446A-957B-88FAF8AF49EB} = {7874725E-9C84-446A-957B-88FAF8AF49EB}
		{D7450D3D-7B2A-47FF-AA8B-2B08731F7E2F} = {D7450D3D-7B2A-47FF-AA8B-2B08731F7E2F}
		{8D59FCEA-709E-45C0-BA1D-4DC52866BA17} = {8D59FCEA-709E-45C0-BA1D-4DC52866BA17}
		{443CDC57-4AE9-46C5-B9F7-681263BB6ABC} = {443CDC57-4AE9-46C5-B9F7-681263BB6ABC}
		{8EFD32BC-203D-4EC2-BFC9-C9B36CFCD813} = {8EFD32BC-203D-4EC2-BFC9-C9B36CFCD813}
		{E01309CE-F729-4EDA-BE4C-534169522975} = {E01309CE-F729-4EDA-BE4C-534169522975}
	EndProjectSection
EndProject
Project("{8BC9CEB8-8B4A-11D0-8D11-00A0C91BC942}") = "convert_theia_reconstruction_to_bundler_file", "applications\convert_theia_reconstruction_to_bundler_file.vcxproj", "{B2C8EAC4-BCDD-492F-A59E-1D25B53A6540}"
	ProjectSection(ProjectDependencies) = postProject
		{2A505176-3C4E-40B8-BEEF-59EB7CDDA24F} = {2A505176-3C4E-40B8-BEEF-59EB7CDDA24F}
		{8C977957-700F-4614-8C3C-EF9F91D99B03} = {8C977957-700F-4614-8C3C-EF9F91D99B03}
		{7874725E-9C84-446A-957B-88FAF8AF49EB} = {7874725E-9C84-446A-957B-88FAF8AF49EB}
		{D7450D3D-7B2A-47FF-AA8B-2B08731F7E2F} = {D7450D3D-7B2A-47FF-AA8B-2B08731F7E2F}
		{8D59FCEA-709E-45C0-BA1D-4DC52866BA17} = {8D59FCEA-709E-45C0-BA1D-4DC52866BA17}
		{443CDC57-4AE9-46C5-B9F7-681263BB6ABC} = {443CDC57-4AE9-46C5-B9F7-681263BB6ABC}
		{8EFD32BC-203D-4EC2-BFC9-C9B36CFCD813} = {8EFD32BC-203D-4EC2-BFC9-C9B36CFCD813}
		{E01309CE-F729-4EDA-BE4C-534169522975} = {E01309CE-F729-4EDA-BE4C-534169522975}
	EndProjectSection
EndProject
Project("{8BC9CEB8-8B4A-11D0-8D11-00A0C91BC942}") = "create_calibration_file_from_exif", "applications\create_calibration_file_from_exif.vcxproj", "{9E180FF9-44F8-45A5-9C86-228B2473D3E8}"
	ProjectSection(ProjectDependencies) = postProject
		{2A505176-3C4E-40B8-BEEF-59EB7CDDA24F} = {2A505176-3C4E-40B8-BEEF-59EB7CDDA24F}
		{8C977957-700F-4614-8C3C-EF9F91D99B03} = {8C977957-700F-4614-8C3C-EF9F91D99B03}
		{7874725E-9C84-446A-957B-88FAF8AF49EB} = {7874725E-9C84-446A-957B-88FAF8AF49EB}
		{D7450D3D-7B2A-47FF-AA8B-2B08731F7E2F} = {D7450D3D-7B2A-47FF-AA8B-2B08731F7E2F}
		{8D59FCEA-709E-45C0-BA1D-4DC52866BA17} = {8D59FCEA-709E-45C0-BA1D-4DC52866BA17}
		{443CDC57-4AE9-46C5-B9F7-681263BB6ABC} = {443CDC57-4AE9-46C5-B9F7-681263BB6ABC}
		{8EFD32BC-203D-4EC2-BFC9-C9B36CFCD813} = {8EFD32BC-203D-4EC2-BFC9-C9B36CFCD813}
		{E01309CE-F729-4EDA-BE4C-534169522975} = {E01309CE-F729-4EDA-BE4C-534169522975}
	EndProjectSection
EndProject
Project("{8BC9CEB8-8B4A-11D0-8D11-00A0C91BC942}") = "create_reconstruction_from_strecha_dataset", "applications\create_reconstruction_from_strecha_dataset.vcxproj", "{84C5F71D-F6A3-4F6F-8836-DD6AAD6A7248}"
	ProjectSection(ProjectDependencies) = postProject
		{2A505176-3C4E-40B8-BEEF-59EB7CDDA24F} = {2A505176-3C4E-40B8-BEEF-59EB7CDDA24F}
		{8C977957-700F-4614-8C3C-EF9F91D99B03} = {8C977957-700F-4614-8C3C-EF9F91D99B03}
		{7874725E-9C84-446A-957B-88FAF8AF49EB} = {7874725E-9C84-446A-957B-88FAF8AF49EB}
		{D7450D3D-7B2A-47FF-AA8B-2B08731F7E2F} = {D7450D3D-7B2A-47FF-AA8B-2B08731F7E2F}
		{8D59FCEA-709E-45C0-BA1D-4DC52866BA17} = {8D59FCEA-709E-45C0-BA1D-4DC52866BA17}
		{443CDC57-4AE9-46C5-B9F7-681263BB6ABC} = {443CDC57-4AE9-46C5-B9F7-681263BB6ABC}
		{8EFD32BC-203D-4EC2-BFC9-C9B36CFCD813} = {8EFD32BC-203D-4EC2-BFC9-C9B36CFCD813}
		{E01309CE-F729-4EDA-BE4C-534169522975} = {E01309CE-F729-4EDA-BE4C-534169522975}
	EndProjectSection
EndProject
Project("{8BC9CEB8-8B4A-11D0-8D11-00A0C91BC942}") = "evaluate_relative_translation_optimization", "applications\evaluate_relative_translation_optimization.vcxproj", "{9A4B780D-1FED-4032-9019-C86F5DCE3F3C}"
	ProjectSection(ProjectDependencies) = postProject
		{2A505176-3C4E-40B8-BEEF-59EB7CDDA24F} = {2A505176-3C4E-40B8-BEEF-59EB7CDDA24F}
		{8C977957-700F-4614-8C3C-EF9F91D99B03} = {8C977957-700F-4614-8C3C-EF9F91D99B03}
		{7874725E-9C84-446A-957B-88FAF8AF49EB} = {7874725E-9C84-446A-957B-88FAF8AF49EB}
		{D7450D3D-7B2A-47FF-AA8B-2B08731F7E2F} = {D7450D3D-7B2A-47FF-AA8B-2B08731F7E2F}
		{8D59FCEA-709E-45C0-BA1D-4DC52866BA17} = {8D59FCEA-709E-45C0-BA1D-4DC52866BA17}
		{443CDC57-4AE9-46C5-B9F7-681263BB6ABC} = {443CDC57-4AE9-46C5-B9F7-681263BB6ABC}
		{8EFD32BC-203D-4EC2-BFC9-C9B36CFCD813} = {8EFD32BC-203D-4EC2-BFC9-C9B36CFCD813}
		{E01309CE-F729-4EDA-BE4C-534169522975} = {E01309CE-F729-4EDA-BE4C-534169522975}
	EndProjectSection
EndProject
Project("{8BC9CEB8-8B4A-11D0-8D11-00A0C91BC942}") = "export_reconstruction_to_pmvs", "applications\export_reconstruction_to_pmvs.vcxproj", "{276CF925-F148-4CCD-A061-BB566D2DACB1}"
	ProjectSection(ProjectDependencies) = postProject
		{2A505176-3C4E-40B8-BEEF-59EB7CDDA24F} = {2A505176-3C4E-40B8-BEEF-59EB7CDDA24F}
		{8C977957-700F-4614-8C3C-EF9F91D99B03} = {8C977957-700F-4614-8C3C-EF9F91D99B03}
		{7874725E-9C84-446A-957B-88FAF8AF49EB} = {7874725E-9C84-446A-957B-88FAF8AF49EB}
		{D7450D3D-7B2A-47FF-AA8B-2B08731F7E2F} = {D7450D3D-7B2A-47FF-AA8B-2B08731F7E2F}
		{8D59FCEA-709E-45C0-BA1D-4DC52866BA17} = {8D59FCEA-709E-45C0-BA1D-4DC52866BA17}
		{443CDC57-4AE9-46C5-B9F7-681263BB6ABC} = {443CDC57-4AE9-46C5-B9F7-681263BB6ABC}
		{8EFD32BC-203D-4EC2-BFC9-C9B36CFCD813} = {8EFD32BC-203D-4EC2-BFC9-C9B36CFCD813}
		{E01309CE-F729-4EDA-BE4C-534169522975} = {E01309CE-F729-4EDA-BE4C-534169522975}
	EndProjectSection
EndProject
Project("{8BC9CEB8-8B4A-11D0-8D11-00A0C91BC942}") = "export_to_nvm_file", "applications\export_to_nvm_file.vcxproj", "{46411E59-3F52-4B07-BC9F-F020C529FE5A}"
	ProjectSection(ProjectDependencies) = postProject
		{2A505176-3C4E-40B8-BEEF-59EB7CDDA24F} = {2A505176-3C4E-40B8-BEEF-59EB7CDDA24F}
		{8C977957-700F-4614-8C3C-EF9F91D99B03} = {8C977957-700F-4614-8C3C-EF9F91D99B03}
		{7874725E-9C84-446A-957B-88FAF8AF49EB} = {7874725E-9C84-446A-957B-88FAF8AF49EB}
		{D7450D3D-7B2A-47FF-AA8B-2B08731F7E2F} = {D7450D3D-7B2A-47FF-AA8B-2B08731F7E2F}
		{8D59FCEA-709E-45C0-BA1D-4DC52866BA17} = {8D59FCEA-709E-45C0-BA1D-4DC52866BA17}
		{443CDC57-4AE9-46C5-B9F7-681263BB6ABC} = {443CDC57-4AE9-46C5-B9F7-681263BB6ABC}
		{8EFD32BC-203D-4EC2-BFC9-C9B36CFCD813} = {8EFD32BC-203D-4EC2-BFC9-C9B36CFCD813}
		{E01309CE-F729-4EDA-BE4C-534169522975} = {E01309CE-F729-4EDA-BE4C-534169522975}
	EndProjectSection
EndProject
Project("{8BC9CEB8-8B4A-11D0-8D11-00A0C91BC942}") = "extract_features", "applications\extract_features.vcxproj", "{9EE34E1C-E24F-4532-9AE2-557BE84FA33A}"
	ProjectSection(ProjectDependencies) = postProject
		{2A505176-3C4E-40B8-BEEF-59EB7CDDA24F} = {2A505176-3C4E-40B8-BEEF-59EB7CDDA24F}
		{8C977957-700F-4614-8C3C-EF9F91D99B03} = {8C977957-700F-4614-8C3C-EF9F91D99B03}
		{7874725E-9C84-446A-957B-88FAF8AF49EB} = {7874725E-9C84-446A-957B-88FAF8AF49EB}
		{D7450D3D-7B2A-47FF-AA8B-2B08731F7E2F} = {D7450D3D-7B2A-47FF-AA8B-2B08731F7E2F}
		{8D59FCEA-709E-45C0-BA1D-4DC52866BA17} = {8D59FCEA-709E-45C0-BA1D-4DC52866BA17}
		{443CDC57-4AE9-46C5-B9F7-681263BB6ABC} = {443CDC57-4AE9-46C5-B9F7-681263BB6ABC}
		{8EFD32BC-203D-4EC2-BFC9-C9B36CFCD813} = {8EFD32BC-203D-4EC2-BFC9-C9B36CFCD813}
		{E01309CE-F729-4EDA-BE4C-534169522975} = {E01309CE-F729-4EDA-BE4C-534169522975}
	EndProjectSection
EndProject
Project("{8BC9CEB8-8B4A-11D0-8D11-00A0C91BC942}") = "flann_cpp", "libraries\flann\src\cpp\flann_cpp.vcxproj", "{7874725E-9C84-446A-957B-88FAF8AF49EB}"
	ProjectSection(ProjectDependencies) = postProject
		{2A505176-3C4E-40B8-BEEF-59EB7CDDA24F} = {2A505176-3C4E-40B8-BEEF-59EB7CDDA24F}
	EndProjectSection
EndProject
Project("{8BC9CEB8-8B4A-11D0-8D11-00A0C91BC942}") = "flann_cpp_s", "libraries\flann\src\cpp\flann_cpp_s.vcxproj", "{25F66D9A-F3BC-4772-9DEF-0EC83187078A}"
	ProjectSection(ProjectDependencies) = postProject
		{2A505176-3C4E-40B8-BEEF-59EB7CDDA24F} = {2A505176-3C4E-40B8-BEEF-59EB7CDDA24F}
	EndProjectSection
EndProject
Project("{8BC9CEB8-8B4A-11D0-8D11-00A0C91BC942}") = "statx", "libraries\statx\statx.vcxproj", "{D7450D3D-7B2A-47FF-AA8B-2B08731F7E2F}"
	ProjectSection(ProjectDependencies) = postProject
		{2A505176-3C4E-40B8-BEEF-59EB7CDDA24F} = {2A505176-3C4E-40B8-BEEF-59EB7CDDA24F}
	EndProjectSection
EndProject
Project("{8BC9CEB8-8B4A-11D0-8D11-00A0C91BC942}") = "stlplus3", "libraries\stlplus3\stlplus3.vcxproj", "{8D59FCEA-709E-45C0-BA1D-4DC52866BA17}"
	ProjectSection(ProjectDependencies) = postProject
		{2A505176-3C4E-40B8-BEEF-59EB7CDDA24F} = {2A505176-3C4E-40B8-BEEF-59EB7CDDA24F}
	EndProjectSection
EndProject
Project("{8BC9CEB8-8B4A-11D0-8D11-00A0C91BC942}") = "theia", "src\theia\theia.vcxproj", "{443CDC57-4AE9-46C5-B9F7-681263BB6ABC}"
	ProjectSection(ProjectDependencies) = postProject
		{2A505176-3C4E-40B8-BEEF-59EB7CDDA24F} = {2A505176-3C4E-40B8-BEEF-59EB7CDDA24F}
		{8C977957-700F-4614-8C3C-EF9F91D99B03} = {8C977957-700F-4614-8C3C-EF9F91D99B03}
		{7874725E-9C84-446A-957B-88FAF8AF49EB} = {7874725E-9C84-446A-957B-88FAF8AF49EB}
		{D7450D3D-7B2A-47FF-AA8B-2B08731F7E2F} = {D7450D3D-7B2A-47FF-AA8B-2B08731F7E2F}
		{8D59FCEA-709E-45C0-BA1D-4DC52866BA17} = {8D59FCEA-709E-45C0-BA1D-4DC52866BA17}
		{8EFD32BC-203D-4EC2-BFC9-C9B36CFCD813} = {8EFD32BC-203D-4EC2-BFC9-C9B36CFCD813}
		{E01309CE-F729-4EDA-BE4C-534169522975} = {E01309CE-F729-4EDA-BE4C-534169522975}
	EndProjectSection
EndProject
Project("{8BC9CEB8-8B4A-11D0-8D11-00A0C91BC942}") = "undistort_images", "applications\undistort_images.vcxproj", "{4A64071B-6D01-4715-B508-D73A61409E04}"
	ProjectSection(ProjectDependencies) = postProject
		{2A505176-3C4E-40B8-BEEF-59EB7CDDA24F} = {2A505176-3C4E-40B8-BEEF-59EB7CDDA24F}
		{8C977957-700F-4614-8C3C-EF9F91D99B03} = {8C977957-700F-4614-8C3C-EF9F91D99B03}
		{7874725E-9C84-446A-957B-88FAF8AF49EB} = {7874725E-9C84-446A-957B-88FAF8AF49EB}
		{D7450D3D-7B2A-47FF-AA8B-2B08731F7E2F} = {D7450D3D-7B2A-47FF-AA8B-2B08731F7E2F}
		{8D59FCEA-709E-45C0-BA1D-4DC52866BA17} = {8D59FCEA-709E-45C0-BA1D-4DC52866BA17}
		{443CDC57-4AE9-46C5-B9F7-681263BB6ABC} = {443CDC57-4AE9-46C5-B9F7-681263BB6ABC}
		{8EFD32BC-203D-4EC2-BFC9-C9B36CFCD813} = {8EFD32BC-203D-4EC2-BFC9-C9B36CFCD813}
		{E01309CE-F729-4EDA-BE4C-534169522975} = {E01309CE-F729-4EDA-BE4C-534169522975}
	EndProjectSection
EndProject
Project("{8BC9CEB8-8B4A-11D0-8D11-00A0C91BC942}") = "uninstall", "uninstall.vcxproj", "{121ED8E1-E4E7-4902-8805-5058ECE70594}"
	ProjectSection(ProjectDependencies) = postProject
		{2A505176-3C4E-40B8-BEEF-59EB7CDDA24F} = {2A505176-3C4E-40B8-BEEF-59EB7CDDA24F}
	EndProjectSection
EndProject
Project("{8BC9CEB8-8B4A-11D0-8D11-00A0C91BC942}") = "verify_1dsfm_input", "applications\verify_1dsfm_input.vcxproj", "{7C2A8BF6-D2A2-4852-8EE5-8F52A4E5F467}"
	ProjectSection(ProjectDependencies) = postProject
		{2A505176-3C4E-40B8-BEEF-59EB7CDDA24F} = {2A505176-3C4E-40B8-BEEF-59EB7CDDA24F}
		{8C977957-700F-4614-8C3C-EF9F91D99B03} = {8C977957-700F-4614-8C3C-EF9F91D99B03}
		{7874725E-9C84-446A-957B-88FAF8AF49EB} = {7874725E-9C84-446A-957B-88FAF8AF49EB}
		{D7450D3D-7B2A-47FF-AA8B-2B08731F7E2F} = {D7450D3D-7B2A-47FF-AA8B-2B08731F7E2F}
		{8D59FCEA-709E-45C0-BA1D-4DC52866BA17} = {8D59FCEA-709E-45C0-BA1D-4DC52866BA17}
		{443CDC57-4AE9-46C5-B9F7-681263BB6ABC} = {443CDC57-4AE9-46C5-B9F7-681263BB6ABC}
		{8EFD32BC-203D-4EC2-BFC9-C9B36CFCD813} = {8EFD32BC-203D-4EC2-BFC9-C9B36CFCD813}
		{E01309CE-F729-4EDA-BE4C-534169522975} = {E01309CE-F729-4EDA-BE4C-534169522975}
	EndProjectSection
EndProject
Project("{8BC9CEB8-8B4A-11D0-8D11-00A0C91BC942}") = "view_reconstruction", "applications\view_reconstruction.vcxproj", "{6854136B-20CD-4CEA-BBA5-0FD67954A8E7}"
	ProjectSection(ProjectDependencies) = postProject
		{2A505176-3C4E-40B8-BEEF-59EB7CDDA24F} = {2A505176-3C4E-40B8-BEEF-59EB7CDDA24F}
		{8C977957-700F-4614-8C3C-EF9F91D99B03} = {8C977957-700F-4614-8C3C-EF9F91D99B03}
		{7874725E-9C84-446A-957B-88FAF8AF49EB} = {7874725E-9C84-446A-957B-88FAF8AF49EB}
		{D7450D3D-7B2A-47FF-AA8B-2B08731F7E2F} = {D7450D3D-7B2A-47FF-AA8B-2B08731F7E2F}
		{8D59FCEA-709E-45C0-BA1D-4DC52866BA17} = {8D59FCEA-709E-45C0-BA1D-4DC52866BA17}
		{443CDC57-4AE9-46C5-B9F7-681263BB6ABC} = {443CDC57-4AE9-46C5-B9F7-681263BB6ABC}
		{8EFD32BC-203D-4EC2-BFC9-C9B36CFCD813} = {8EFD32BC-203D-4EC2-BFC9-C9B36CFCD813}
		{E01309CE-F729-4EDA-BE4C-534169522975} = {E01309CE-F729-4EDA-BE4C-534169522975}
	EndProjectSection
EndProject
Project("{8BC9CEB8-8B4A-11D0-8D11-00A0C91BC942}") = "visual_sfm", "libraries\visual_sfm\visual_sfm.vcxproj", "{8EFD32BC-203D-4EC2-BFC9-C9B36CFCD813}"
	ProjectSection(ProjectDependencies) = postProject
		{2A505176-3C4E-40B8-BEEF-59EB7CDDA24F} = {2A505176-3C4E-40B8-BEEF-59EB7CDDA24F}
	EndProjectSection
EndProject
Project("{8BC9CEB8-8B4A-11D0-8D11-00A0C91BC942}") = "vlfeat", "libraries\vlfeat\vlfeat.vcxproj", "{E01309CE-F729-4EDA-BE4C-534169522975}"
	ProjectSection(ProjectDependencies) = postProject
		{2A505176-3C4E-40B8-BEEF-59EB7CDDA24F} = {2A505176-3C4E-40B8-BEEF-59EB7CDDA24F}
	EndProjectSection
EndProject
Project("{8BC9CEB8-8B4A-11D0-8D11-00A0C91BC942}") = "write_reconstruction_ply_file", "applications\write_reconstruction_ply_file.vcxproj", "{A43C369C-746D-4FF7-8969-41A3F5816AAC}"
	ProjectSection(ProjectDependencies) = postProject
		{2A505176-3C4E-40B8-BEEF-59EB7CDDA24F} = {2A505176-3C4E-40B8-BEEF-59EB7CDDA24F}
		{8C977957-700F-4614-8C3C-EF9F91D99B03} = {8C977957-700F-4614-8C3C-EF9F91D99B03}
		{7874725E-9C84-446A-957B-88FAF8AF49EB} = {7874725E-9C84-446A-957B-88FAF8AF49EB}
		{D7450D3D-7B2A-47FF-AA8B-2B08731F7E2F} = {D7450D3D-7B2A-47FF-AA8B-2B08731F7E2F}
		{8D59FCEA-709E-45C0-BA1D-4DC52866BA17} = {8D59FCEA-709E-45C0-BA1D-4DC52866BA17}
		{443CDC57-4AE9-46C5-B9F7-681263BB6ABC} = {443CDC57-4AE9-46C5-B9F7-681263BB6ABC}
		{8EFD32BC-203D-4EC2-BFC9-C9B36CFCD813} = {8EFD32BC-203D-4EC2-BFC9-C9B36CFCD813}
		{E01309CE-F729-4EDA-BE4C-534169522975} = {E01309CE-F729-4EDA-BE4C-534169522975}
	EndProjectSection
EndProject
Global
	GlobalSection(SolutionConfigurationPlatforms) = preSolution
		Debug|Win32 = Debug|Win32
		Release|Win32 = Release|Win32
		MinSizeRel|Win32 = MinSizeRel|Win32
		RelWithDebInfo|Win32 = RelWithDebInfo|Win32
	EndGlobalSection
	GlobalSection(ProjectConfigurationPlatforms) = postSolution
		{1A7807A7-31E1-4D63-A7A9-B7ED9C1E796E}.Debug|Win32.ActiveCfg = Debug|Win32
		{1A7807A7-31E1-4D63-A7A9-B7ED9C1E796E}.Debug|Win32.Build.0 = Debug|Win32
		{1A7807A7-31E1-4D63-A7A9-B7ED9C1E796E}.Release|Win32.ActiveCfg = Release|Win32
		{1A7807A7-31E1-4D63-A7A9-B7ED9C1E796E}.Release|Win32.Build.0 = Release|Win32
		{1A7807A7-31E1-4D63-A7A9-B7ED9C1E796E}.MinSizeRel|Win32.ActiveCfg = MinSizeRel|Win32
		{1A7807A7-31E1-4D63-A7A9-B7ED9C1E796E}.MinSizeRel|Win32.Build.0 = MinSizeRel|Win32
		{1A7807A7-31E1-4D63-A7A9-B7ED9C1E796E}.RelWithDebInfo|Win32.ActiveCfg = RelWithDebInfo|Win32
		{1A7807A7-31E1-4D63-A7A9-B7ED9C1E796E}.RelWithDebInfo|Win32.Build.0 = RelWithDebInfo|Win32
		{F4C3F1EB-0535-4149-B479-74E2B892D538}.Debug|Win32.ActiveCfg = Debug|Win32
		{F4C3F1EB-0535-4149-B479-74E2B892D538}.Release|Win32.ActiveCfg = Release|Win32
		{F4C3F1EB-0535-4149-B479-74E2B892D538}.MinSizeRel|Win32.ActiveCfg = MinSizeRel|Win32
		{F4C3F1EB-0535-4149-B479-74E2B892D538}.RelWithDebInfo|Win32.ActiveCfg = RelWithDebInfo|Win32
		{DDF3D4C8-60FB-4CB6-ADDC-B18E18D9A105}.Debug|Win32.ActiveCfg = Debug|Win32
		{DDF3D4C8-60FB-4CB6-ADDC-B18E18D9A105}.Release|Win32.ActiveCfg = Release|Win32
		{DDF3D4C8-60FB-4CB6-ADDC-B18E18D9A105}.MinSizeRel|Win32.ActiveCfg = MinSizeRel|Win32
		{DDF3D4C8-60FB-4CB6-ADDC-B18E18D9A105}.RelWithDebInfo|Win32.ActiveCfg = RelWithDebInfo|Win32
		{60C1BCF7-926C-40EC-90CF-F998B2DBCF16}.Debug|Win32.ActiveCfg = Debug|Win32
		{60C1BCF7-926C-40EC-90CF-F998B2DBCF16}.Release|Win32.ActiveCfg = Release|Win32
		{60C1BCF7-926C-40EC-90CF-F998B2DBCF16}.MinSizeRel|Win32.ActiveCfg = MinSizeRel|Win32
		{60C1BCF7-926C-40EC-90CF-F998B2DBCF16}.RelWithDebInfo|Win32.ActiveCfg = RelWithDebInfo|Win32
		{2A505176-3C4E-40B8-BEEF-59EB7CDDA24F}.Debug|Win32.ActiveCfg = Debug|Win32
		{2A505176-3C4E-40B8-BEEF-59EB7CDDA24F}.Debug|Win32.Build.0 = Debug|Win32
		{2A505176-3C4E-40B8-BEEF-59EB7CDDA24F}.Release|Win32.ActiveCfg = Release|Win32
		{2A505176-3C4E-40B8-BEEF-59EB7CDDA24F}.Release|Win32.Build.0 = Release|Win32
		{2A505176-3C4E-40B8-BEEF-59EB7CDDA24F}.MinSizeRel|Win32.ActiveCfg = MinSizeRel|Win32
		{2A505176-3C4E-40B8-BEEF-59EB7CDDA24F}.MinSizeRel|Win32.Build.0 = MinSizeRel|Win32
		{2A505176-3C4E-40B8-BEEF-59EB7CDDA24F}.RelWithDebInfo|Win32.ActiveCfg = RelWithDebInfo|Win32
		{2A505176-3C4E-40B8-BEEF-59EB7CDDA24F}.RelWithDebInfo|Win32.Build.0 = RelWithDebInfo|Win32
		{8C977957-700F-4614-8C3C-EF9F91D99B03}.Debug|Win32.ActiveCfg = Debug|Win32
		{8C977957-700F-4614-8C3C-EF9F91D99B03}.Debug|Win32.Build.0 = Debug|Win32
		{8C977957-700F-4614-8C3C-EF9F91D99B03}.Release|Win32.ActiveCfg = Release|Win32
		{8C977957-700F-4614-8C3C-EF9F91D99B03}.Release|Win32.Build.0 = Release|Win32
		{8C977957-700F-4614-8C3C-EF9F91D99B03}.MinSizeRel|Win32.ActiveCfg = MinSizeRel|Win32
		{8C977957-700F-4614-8C3C-EF9F91D99B03}.MinSizeRel|Win32.Build.0 = MinSizeRel|Win32
		{8C977957-700F-4614-8C3C-EF9F91D99B03}.RelWithDebInfo|Win32.ActiveCfg = RelWithDebInfo|Win32
		{8C977957-700F-4614-8C3C-EF9F91D99B03}.RelWithDebInfo|Win32.Build.0 = RelWithDebInfo|Win32
		{82932E16-362D-450B-9E49-8A37A035FF9F}.Debug|Win32.ActiveCfg = Debug|Win32
		{82932E16-362D-450B-9E49-8A37A035FF9F}.Debug|Win32.Build.0 = Debug|Win32
		{82932E16-362D-450B-9E49-8A37A035FF9F}.Release|Win32.ActiveCfg = Release|Win32
		{82932E16-362D-450B-9E49-8A37A035FF9F}.Release|Win32.Build.0 = Release|Win32
		{82932E16-362D-450B-9E49-8A37A035FF9F}.MinSizeRel|Win32.ActiveCfg = MinSizeRel|Win32
		{82932E16-362D-450B-9E49-8A37A035FF9F}.MinSizeRel|Win32.Build.0 = MinSizeRel|Win32
		{82932E16-362D-450B-9E49-8A37A035FF9F}.RelWithDebInfo|Win32.ActiveCfg = RelWithDebInfo|Win32
		{82932E16-362D-450B-9E49-8A37A035FF9F}.RelWithDebInfo|Win32.Build.0 = RelWithDebInfo|Win32
		{033363FB-2BE6-45CB-960A-B2E2D473CA84}.Debug|Win32.ActiveCfg = Debug|Win32
		{033363FB-2BE6-45CB-960A-B2E2D473CA84}.Debug|Win32.Build.0 = Debug|Win32
		{033363FB-2BE6-45CB-960A-B2E2D473CA84}.Release|Win32.ActiveCfg = Release|Win32
		{033363FB-2BE6-45CB-960A-B2E2D473CA84}.Release|Win32.Build.0 = Release|Win32
		{033363FB-2BE6-45CB-960A-B2E2D473CA84}.MinSizeRel|Win32.ActiveCfg = MinSizeRel|Win32
		{033363FB-2BE6-45CB-960A-B2E2D473CA84}.MinSizeRel|Win32.Build.0 = MinSizeRel|Win32
		{033363FB-2BE6-45CB-960A-B2E2D473CA84}.RelWithDebInfo|Win32.ActiveCfg = RelWithDebInfo|Win32
		{033363FB-2BE6-45CB-960A-B2E2D473CA84}.RelWithDebInfo|Win32.Build.0 = RelWithDebInfo|Win32
		{97987726-26F7-4DDB-A1F7-0F6BF7548C20}.Debug|Win32.ActiveCfg = Debug|Win32
		{97987726-26F7-4DDB-A1F7-0F6BF7548C20}.Debug|Win32.Build.0 = Debug|Win32
		{97987726-26F7-4DDB-A1F7-0F6BF7548C20}.Release|Win32.ActiveCfg = Release|Win32
		{97987726-26F7-4DDB-A1F7-0F6BF7548C20}.Release|Win32.Build.0 = Release|Win32
		{97987726-26F7-4DDB-A1F7-0F6BF7548C20}.MinSizeRel|Win32.ActiveCfg = MinSizeRel|Win32
		{97987726-26F7-4DDB-A1F7-0F6BF7548C20}.MinSizeRel|Win32.Build.0 = MinSizeRel|Win32
		{97987726-26F7-4DDB-A1F7-0F6BF7548C20}.RelWithDebInfo|Win32.ActiveCfg = RelWithDebInfo|Win32
		{97987726-26F7-4DDB-A1F7-0F6BF7548C20}.RelWithDebInfo|Win32.Build.0 = RelWithDebInfo|Win32
		{3A240D27-2F64-4F1D-8328-22F7CD121658}.Debug|Win32.ActiveCfg = Debug|Win32
		{3A240D27-2F64-4F1D-8328-22F7CD121658}.Debug|Win32.Build.0 = Debug|Win32
		{3A240D27-2F64-4F1D-8328-22F7CD121658}.Release|Win32.ActiveCfg = Release|Win32
		{3A240D27-2F64-4F1D-8328-22F7CD121658}.Release|Win32.Build.0 = Release|Win32
		{3A240D27-2F64-4F1D-8328-22F7CD121658}.MinSizeRel|Win32.ActiveCfg = MinSizeRel|Win32
		{3A240D27-2F64-4F1D-8328-22F7CD121658}.MinSizeRel|Win32.Build.0 = MinSizeRel|Win32
		{3A240D27-2F64-4F1D-8328-22F7CD121658}.RelWithDebInfo|Win32.ActiveCfg = RelWithDebInfo|Win32
		{3A240D27-2F64-4F1D-8328-22F7CD121658}.RelWithDebInfo|Win32.Build.0 = RelWithDebInfo|Win32
		{03944A80-AE3F-4290-96E7-B392EC9258E3}.Debug|Win32.ActiveCfg = Debug|Win32
		{03944A80-AE3F-4290-96E7-B392EC9258E3}.Debug|Win32.Build.0 = Debug|Win32
		{03944A80-AE3F-4290-96E7-B392EC9258E3}.Release|Win32.ActiveCfg = Release|Win32
		{03944A80-AE3F-4290-96E7-B392EC9258E3}.Release|Win32.Build.0 = Release|Win32
		{03944A80-AE3F-4290-96E7-B392EC9258E3}.MinSizeRel|Win32.ActiveCfg = MinSizeRel|Win32
		{03944A80-AE3F-4290-96E7-B392EC9258E3}.MinSizeRel|Win32.Build.0 = MinSizeRel|Win32
		{03944A80-AE3F-4290-96E7-B392EC9258E3}.RelWithDebInfo|Win32.ActiveCfg = RelWithDebInfo|Win32
		{03944A80-AE3F-4290-96E7-B392EC9258E3}.RelWithDebInfo|Win32.Build.0 = RelWithDebInfo|Win32
		{6430F184-3F3C-4D09-A7AA-B823658B70DA}.Debug|Win32.ActiveCfg = Debug|Win32
		{6430F184-3F3C-4D09-A7AA-B823658B70DA}.Debug|Win32.Build.0 = Debug|Win32
		{6430F184-3F3C-4D09-A7AA-B823658B70DA}.Release|Win32.ActiveCfg = Release|Win32
		{6430F184-3F3C-4D09-A7AA-B823658B70DA}.Release|Win32.Build.0 = Release|Win32
		{6430F184-3F3C-4D09-A7AA-B823658B70DA}.MinSizeRel|Win32.ActiveCfg = MinSizeRel|Win32
		{6430F184-3F3C-4D09-A7AA-B823658B70DA}.MinSizeRel|Win32.Build.0 = MinSizeRel|Win32
		{6430F184-3F3C-4D09-A7AA-B823658B70DA}.RelWithDebInfo|Win32.ActiveCfg = RelWithDebInfo|Win32
		{6430F184-3F3C-4D09-A7AA-B823658B70DA}.RelWithDebInfo|Win32.Build.0 = RelWithDebInfo|Win32
		{978DA969-4B8F-4D6B-B035-568BECA4ADB2}.Debug|Win32.ActiveCfg = Debug|Win32
		{978DA969-4B8F-4D6B-B035-568BECA4ADB2}.Debug|Win32.Build.0 = Debug|Win32
		{978DA969-4B8F-4D6B-B035-568BECA4ADB2}.Release|Win32.ActiveCfg = Release|Win32
		{978DA969-4B8F-4D6B-B035-568BECA4ADB2}.Release|Win32.Build.0 = Release|Win32
		{978DA969-4B8F-4D6B-B035-568BECA4ADB2}.MinSizeRel|Win32.ActiveCfg = MinSizeRel|Win32
		{978DA969-4B8F-4D6B-B035-568BECA4ADB2}.MinSizeRel|Win32.Build.0 = MinSizeRel|Win32
		{978DA969-4B8F-4D6B-B035-568BECA4ADB2}.RelWithDebInfo|Win32.ActiveCfg = RelWithDebInfo|Win32
		{978DA969-4B8F-4D6B-B035-568BECA4ADB2}.RelWithDebInfo|Win32.Build.0 = RelWithDebInfo|Win32
		{428BD948-70CE-4D77-9686-5B58EB4469BF}.Debug|Win32.ActiveCfg = Debug|Win32
		{428BD948-70CE-4D77-9686-5B58EB4469BF}.Debug|Win32.Build.0 = Debug|Win32
		{428BD948-70CE-4D77-9686-5B58EB4469BF}.Release|Win32.ActiveCfg = Release|Win32
		{428BD948-70CE-4D77-9686-5B58EB4469BF}.Release|Win32.Build.0 = Release|Win32
		{428BD948-70CE-4D77-9686-5B58EB4469BF}.MinSizeRel|Win32.ActiveCfg = MinSizeRel|Win32
		{428BD948-70CE-4D77-9686-5B58EB4469BF}.MinSizeRel|Win32.Build.0 = MinSizeRel|Win32
		{428BD948-70CE-4D77-9686-5B58EB4469BF}.RelWithDebInfo|Win32.ActiveCfg = RelWithDebInfo|Win32
		{428BD948-70CE-4D77-9686-5B58EB4469BF}.RelWithDebInfo|Win32.Build.0 = RelWithDebInfo|Win32
		{F4F6FCEB-A92B-428A-B678-7173A1F67036}.Debug|Win32.ActiveCfg = Debug|Win32
		{F4F6FCEB-A92B-428A-B678-7173A1F67036}.Debug|Win32.Build.0 = Debug|Win32
		{F4F6FCEB-A92B-428A-B678-7173A1F67036}.Release|Win32.ActiveCfg = Release|Win32
		{F4F6FCEB-A92B-428A-B678-7173A1F67036}.Release|Win32.Build.0 = Release|Win32
		{F4F6FCEB-A92B-428A-B678-7173A1F67036}.MinSizeRel|Win32.ActiveCfg = MinSizeRel|Win32
		{F4F6FCEB-A92B-428A-B678-7173A1F67036}.MinSizeRel|Win32.Build.0 = MinSizeRel|Win32
		{F4F6FCEB-A92B-428A-B678-7173A1F67036}.RelWithDebInfo|Win32.ActiveCfg = RelWithDebInfo|Win32
		{F4F6FCEB-A92B-428A-B678-7173A1F67036}.RelWithDebInfo|Win32.Build.0 = RelWithDebInfo|Win32
		{19B28F6C-0485-4223-9CA4-20A3A92691AC}.Debug|Win32.ActiveCfg = Debug|Win32
		{19B28F6C-0485-4223-9CA4-20A3A92691AC}.Debug|Win32.Build.0 = Debug|Win32
		{19B28F6C-0485-4223-9CA4-20A3A92691AC}.Release|Win32.ActiveCfg = Release|Win32
		{19B28F6C-0485-4223-9CA4-20A3A92691AC}.Release|Win32.Build.0 = Release|Win32
		{19B28F6C-0485-4223-9CA4-20A3A92691AC}.MinSizeRel|Win32.ActiveCfg = MinSizeRel|Win32
		{19B28F6C-0485-4223-9CA4-20A3A92691AC}.MinSizeRel|Win32.Build.0 = MinSizeRel|Win32
		{19B28F6C-0485-4223-9CA4-20A3A92691AC}.RelWithDebInfo|Win32.ActiveCfg = RelWithDebInfo|Win32
		{19B28F6C-0485-4223-9CA4-20A3A92691AC}.RelWithDebInfo|Win32.Build.0 = RelWithDebInfo|Win32
		{DB9743EE-9DE7-4C4C-8B81-A68B20A2A6BE}.Debug|Win32.ActiveCfg = Debug|Win32
		{DB9743EE-9DE7-4C4C-8B81-A68B20A2A6BE}.Debug|Win32.Build.0 = Debug|Win32
		{DB9743EE-9DE7-4C4C-8B81-A68B20A2A6BE}.Release|Win32.ActiveCfg = Release|Win32
		{DB9743EE-9DE7-4C4C-8B81-A68B20A2A6BE}.Release|Win32.Build.0 = Release|Win32
		{DB9743EE-9DE7-4C4C-8B81-A68B20A2A6BE}.MinSizeRel|Win32.ActiveCfg = MinSizeRel|Win32
		{DB9743EE-9DE7-4C4C-8B81-A68B20A2A6BE}.MinSizeRel|Win32.Build.0 = MinSizeRel|Win32
		{DB9743EE-9DE7-4C4C-8B81-A68B20A2A6BE}.RelWithDebInfo|Win32.ActiveCfg = RelWithDebInfo|Win32
		{DB9743EE-9DE7-4C4C-8B81-A68B20A2A6BE}.RelWithDebInfo|Win32.Build.0 = RelWithDebInfo|Win32
		{0FA23CDC-1F07-48D3-8748-66DFA6313F66}.Debug|Win32.ActiveCfg = Debug|Win32
		{0FA23CDC-1F07-48D3-8748-66DFA6313F66}.Debug|Win32.Build.0 = Debug|Win32
		{0FA23CDC-1F07-48D3-8748-66DFA6313F66}.Release|Win32.ActiveCfg = Release|Win32
		{0FA23CDC-1F07-48D3-8748-66DFA6313F66}.Release|Win32.Build.0 = Release|Win32
		{0FA23CDC-1F07-48D3-8748-66DFA6313F66}.MinSizeRel|Win32.ActiveCfg = MinSizeRel|Win32
		{0FA23CDC-1F07-48D3-8748-66DFA6313F66}.MinSizeRel|Win32.Build.0 = MinSizeRel|Win32
		{0FA23CDC-1F07-48D3-8748-66DFA6313F66}.RelWithDebInfo|Win32.ActiveCfg = RelWithDebInfo|Win32
		{0FA23CDC-1F07-48D3-8748-66DFA6313F66}.RelWithDebInfo|Win32.Build.0 = RelWithDebInfo|Win32
		{5D4E544E-CCCD-46DF-8074-2601065EF026}.Debug|Win32.ActiveCfg = Debug|Win32
		{5D4E544E-CCCD-46DF-8074-2601065EF026}.Debug|Win32.Build.0 = Debug|Win32
		{5D4E544E-CCCD-46DF-8074-2601065EF026}.Release|Win32.ActiveCfg = Release|Win32
		{5D4E544E-CCCD-46DF-8074-2601065EF026}.Release|Win32.Build.0 = Release|Win32
		{5D4E544E-CCCD-46DF-8074-2601065EF026}.MinSizeRel|Win32.ActiveCfg = MinSizeRel|Win32
		{5D4E544E-CCCD-46DF-8074-2601065EF026}.MinSizeRel|Win32.Build.0 = MinSizeRel|Win32
		{5D4E544E-CCCD-46DF-8074-2601065EF026}.RelWithDebInfo|Win32.ActiveCfg = RelWithDebInfo|Win32
		{5D4E544E-CCCD-46DF-8074-2601065EF026}.RelWithDebInfo|Win32.Build.0 = RelWithDebInfo|Win32
		{B2C8EAC4-BCDD-492F-A59E-1D25B53A6540}.Debug|Win32.ActiveCfg = Debug|Win32
		{B2C8EAC4-BCDD-492F-A59E-1D25B53A6540}.Debug|Win32.Build.0 = Debug|Win32
		{B2C8EAC4-BCDD-492F-A59E-1D25B53A6540}.Release|Win32.ActiveCfg = Release|Win32
		{B2C8EAC4-BCDD-492F-A59E-1D25B53A6540}.Release|Win32.Build.0 = Release|Win32
		{B2C8EAC4-BCDD-492F-A59E-1D25B53A6540}.MinSizeRel|Win32.ActiveCfg = MinSizeRel|Win32
		{B2C8EAC4-BCDD-492F-A59E-1D25B53A6540}.MinSizeRel|Win32.Build.0 = MinSizeRel|Win32
		{B2C8EAC4-BCDD-492F-A59E-1D25B53A6540}.RelWithDebInfo|Win32.ActiveCfg = RelWithDebInfo|Win32
		{B2C8EAC4-BCDD-492F-A59E-1D25B53A6540}.RelWithDebInfo|Win32.Build.0 = RelWithDebInfo|Win32
		{9E180FF9-44F8-45A5-9C86-228B2473D3E8}.Debug|Win32.ActiveCfg = Debug|Win32
		{9E180FF9-44F8-45A5-9C86-228B2473D3E8}.Debug|Win32.Build.0 = Debug|Win32
		{9E180FF9-44F8-45A5-9C86-228B2473D3E8}.Release|Win32.ActiveCfg = Release|Win32
		{9E180FF9-44F8-45A5-9C86-228B2473D3E8}.Release|Win32.Build.0 = Release|Win32
		{9E180FF9-44F8-45A5-9C86-228B2473D3E8}.MinSizeRel|Win32.ActiveCfg = MinSizeRel|Win32
		{9E180FF9-44F8-45A5-9C86-228B2473D3E8}.MinSizeRel|Win32.Build.0 = MinSizeRel|Win32
		{9E180FF9-44F8-45A5-9C86-228B2473D3E8}.RelWithDebInfo|Win32.ActiveCfg = RelWithDebInfo|Win32
		{9E180FF9-44F8-45A5-9C86-228B2473D3E8}.RelWithDebInfo|Win32.Build.0 = RelWithDebInfo|Win32
		{84C5F71D-F6A3-4F6F-8836-DD6AAD6A7248}.Debug|Win32.ActiveCfg = Debug|Win32
		{84C5F71D-F6A3-4F6F-8836-DD6AAD6A7248}.Debug|Win32.Build.0 = Debug|Win32
		{84C5F71D-F6A3-4F6F-8836-DD6AAD6A7248}.Release|Win32.ActiveCfg = Release|Win32
		{84C5F71D-F6A3-4F6F-8836-DD6AAD6A7248}.Release|Win32.Build.0 = Release|Win32
		{84C5F71D-F6A3-4F6F-8836-DD6AAD6A7248}.MinSizeRel|Win32.ActiveCfg = MinSizeRel|Win32
		{84C5F71D-F6A3-4F6F-8836-DD6AAD6A7248}.MinSizeRel|Win32.Build.0 = MinSizeRel|Win32
		{84C5F71D-F6A3-4F6F-8836-DD6AAD6A7248}.RelWithDebInfo|Win32.ActiveCfg = RelWithDebInfo|Win32
		{84C5F71D-F6A3-4F6F-8836-DD6AAD6A7248}.RelWithDebInfo|Win32.Build.0 = RelWithDebInfo|Win32
		{9A4B780D-1FED-4032-9019-C86F5DCE3F3C}.Debug|Win32.ActiveCfg = Debug|Win32
		{9A4B780D-1FED-4032-9019-C86F5DCE3F3C}.Debug|Win32.Build.0 = Debug|Win32
		{9A4B780D-1FED-4032-9019-C86F5DCE3F3C}.Release|Win32.ActiveCfg = Release|Win32
		{9A4B780D-1FED-4032-9019-C86F5DCE3F3C}.Release|Win32.Build.0 = Release|Win32
		{9A4B780D-1FED-4032-9019-C86F5DCE3F3C}.MinSizeRel|Win32.ActiveCfg = MinSizeRel|Win32
		{9A4B780D-1FED-4032-9019-C86F5DCE3F3C}.MinSizeRel|Win32.Build.0 = MinSizeRel|Win32
		{9A4B780D-1FED-4032-9019-C86F5DCE3F3C}.RelWithDebInfo|Win32.ActiveCfg = RelWithDebInfo|Win32
		{9A4B780D-1FED-4032-9019-C86F5DCE3F3C}.RelWithDebInfo|Win32.Build.0 = RelWithDebInfo|Win32
		{276CF925-F148-4CCD-A061-BB566D2DACB1}.Debug|Win32.ActiveCfg = Debug|Win32
		{276CF925-F148-4CCD-A061-BB566D2DACB1}.Debug|Win32.Build.0 = Debug|Win32
		{276CF925-F148-4CCD-A061-BB566D2DACB1}.Release|Win32.ActiveCfg = Release|Win32
		{276CF925-F148-4CCD-A061-BB566D2DACB1}.Release|Win32.Build.0 = Release|Win32
		{276CF925-F148-4CCD-A061-BB566D2DACB1}.MinSizeRel|Win32.ActiveCfg = MinSizeRel|Win32
		{276CF925-F148-4CCD-A061-BB566D2DACB1}.MinSizeRel|Win32.Build.0 = MinSizeRel|Win32
		{276CF925-F148-4CCD-A061-BB566D2DACB1}.RelWithDebInfo|Win32.ActiveCfg = RelWithDebInfo|Win32
		{276CF925-F148-4CCD-A061-BB566D2DACB1}.RelWithDebInfo|Win32.Build.0 = RelWithDebInfo|Win32
		{46411E59-3F52-4B07-BC9F-F020C529FE5A}.Debug|Win32.ActiveCfg = Debug|Win32
		{46411E59-3F52-4B07-BC9F-F020C529FE5A}.Debug|Win32.Build.0 = Debug|Win32
		{46411E59-3F52-4B07-BC9F-F020C529FE5A}.Release|Win32.ActiveCfg = Release|Win32
		{46411E59-3F52-4B07-BC9F-F020C529FE5A}.Release|Win32.Build.0 = Release|Win32
		{46411E59-3F52-4B07-BC9F-F020C529FE5A}.MinSizeRel|Win32.ActiveCfg = MinSizeRel|Win32
		{46411E59-3F52-4B07-BC9F-F020C529FE5A}.MinSizeRel|Win32.Build.0 = MinSizeRel|Win32
		{46411E59-3F52-4B07-BC9F-F020C529FE5A}.RelWithDebInfo|Win32.ActiveCfg = RelWithDebInfo|Win32
		{46411E59-3F52-4B07-BC9F-F020C529FE5A}.RelWithDebInfo|Win32.Build.0 = RelWithDebInfo|Win32
		{9EE34E1C-E24F-4532-9AE2-557BE84FA33A}.Debug|Win32.ActiveCfg = Debug|Win32
		{9EE34E1C-E24F-4532-9AE2-557BE84FA33A}.Debug|Win32.Build.0 = Debug|Win32
		{9EE34E1C-E24F-4532-9AE2-557BE84FA33A}.Release|Win32.ActiveCfg = Release|Win32
		{9EE34E1C-E24F-4532-9AE2-557BE84FA33A}.Release|Win32.Build.0 = Release|Win32
		{9EE34E1C-E24F-4532-9AE2-557BE84FA33A}.MinSizeRel|Win32.ActiveCfg = MinSizeRel|Win32
		{9EE34E1C-E24F-4532-9AE2-557BE84FA33A}.MinSizeRel|Win32.Build.0 = MinSizeRel|Win32
		{9EE34E1C-E24F-4532-9AE2-557BE84FA33A}.RelWithDebInfo|Win32.ActiveCfg = RelWithDebInfo|Win32
		{9EE34E1C-E24F-4532-9AE2-557BE84FA33A}.RelWithDebInfo|Win32.Build.0 = RelWithDebInfo|Win32
		{7874725E-9C84-446A-957B-88FAF8AF49EB}.Debug|Win32.ActiveCfg = Debug|Win32
		{7874725E-9C84-446A-957B-88FAF8AF49EB}.Debug|Win32.Build.0 = Debug|Win32
		{7874725E-9C84-446A-957B-88FAF8AF49EB}.Release|Win32.ActiveCfg = Release|Win32
		{7874725E-9C84-446A-957B-88FAF8AF49EB}.Release|Win32.Build.0 = Release|Win32
		{7874725E-9C84-446A-957B-88FAF8AF49EB}.MinSizeRel|Win32.ActiveCfg = MinSizeRel|Win32
		{7874725E-9C84-446A-957B-88FAF8AF49EB}.MinSizeRel|Win32.Build.0 = MinSizeRel|Win32
		{7874725E-9C84-446A-957B-88FAF8AF49EB}.RelWithDebInfo|Win32.ActiveCfg = RelWithDebInfo|Win32
		{7874725E-9C84-446A-957B-88FAF8AF49EB}.RelWithDebInfo|Win32.Build.0 = RelWithDebInfo|Win32
		{25F66D9A-F3BC-4772-9DEF-0EC83187078A}.Debug|Win32.ActiveCfg = Debug|Win32
		{25F66D9A-F3BC-4772-9DEF-0EC83187078A}.Debug|Win32.Build.0 = Debug|Win32
		{25F66D9A-F3BC-4772-9DEF-0EC83187078A}.Release|Win32.ActiveCfg = Release|Win32
		{25F66D9A-F3BC-4772-9DEF-0EC83187078A}.Release|Win32.Build.0 = Release|Win32
		{25F66D9A-F3BC-4772-9DEF-0EC83187078A}.MinSizeRel|Win32.ActiveCfg = MinSizeRel|Win32
		{25F66D9A-F3BC-4772-9DEF-0EC83187078A}.MinSizeRel|Win32.Build.0 = MinSizeRel|Win32
		{25F66D9A-F3BC-4772-9DEF-0EC83187078A}.RelWithDebInfo|Win32.ActiveCfg = RelWithDebInfo|Win32
		{25F66D9A-F3BC-4772-9DEF-0EC83187078A}.RelWithDebInfo|Win32.Build.0 = RelWithDebInfo|Win32
		{D7450D3D-7B2A-47FF-AA8B-2B08731F7E2F}.Debug|Win32.ActiveCfg = Debug|Win32
		{D7450D3D-7B2A-47FF-AA8B-2B08731F7E2F}.Debug|Win32.Build.0 = Debug|Win32
		{D7450D3D-7B2A-47FF-AA8B-2B08731F7E2F}.Release|Win32.ActiveCfg = Release|Win32
		{D7450D3D-7B2A-47FF-AA8B-2B08731F7E2F}.Release|Win32.Build.0 = Release|Win32
		{D7450D3D-7B2A-47FF-AA8B-2B08731F7E2F}.MinSizeRel|Win32.ActiveCfg = MinSizeRel|Win32
		{D7450D3D-7B2A-47FF-AA8B-2B08731F7E2F}.MinSizeRel|Win32.Build.0 = MinSizeRel|Win32
		{D7450D3D-7B2A-47FF-AA8B-2B08731F7E2F}.RelWithDebInfo|Win32.ActiveCfg = RelWithDebInfo|Win32
		{D7450D3D-7B2A-47FF-AA8B-2B08731F7E2F}.RelWithDebInfo|Win32.Build.0 = RelWithDebInfo|Win32
		{8D59FCEA-709E-45C0-BA1D-4DC52866BA17}.Debug|Win32.ActiveCfg = Debug|Win32
		{8D59FCEA-709E-45C0-BA1D-4DC52866BA17}.Debug|Win32.Build.0 = Debug|Win32
		{8D59FCEA-709E-45C0-BA1D-4DC52866BA17}.Release|Win32.ActiveCfg = Release|Win32
		{8D59FCEA-709E-45C0-BA1D-4DC52866BA17}.Release|Win32.Build.0 = Release|Win32
		{8D59FCEA-709E-45C0-BA1D-4DC52866BA17}.MinSizeRel|Win32.ActiveCfg = MinSizeRel|Win32
		{8D59FCEA-709E-45C0-BA1D-4DC52866BA17}.MinSizeRel|Win32.Build.0 = MinSizeRel|Win32
		{8D59FCEA-709E-45C0-BA1D-4DC52866BA17}.RelWithDebInfo|Win32.ActiveCfg = RelWithDebInfo|Win32
		{8D59FCEA-709E-45C0-BA1D-4DC52866BA17}.RelWithDebInfo|Win32.Build.0 = RelWithDebInfo|Win32
		{443CDC57-4AE9-46C5-B9F7-681263BB6ABC}.Debug|Win32.ActiveCfg = Debug|Win32
		{443CDC57-4AE9-46C5-B9F7-681263BB6ABC}.Debug|Win32.Build.0 = Debug|Win32
		{443CDC57-4AE9-46C5-B9F7-681263BB6ABC}.Release|Win32.ActiveCfg = Release|Win32
		{443CDC57-4AE9-46C5-B9F7-681263BB6ABC}.Release|Win32.Build.0 = Release|Win32
		{443CDC57-4AE9-46C5-B9F7-681263BB6ABC}.MinSizeRel|Win32.ActiveCfg = MinSizeRel|Win32
		{443CDC57-4AE9-46C5-B9F7-681263BB6ABC}.MinSizeRel|Win32.Build.0 = MinSizeRel|Win32
		{443CDC57-4AE9-46C5-B9F7-681263BB6ABC}.RelWithDebInfo|Win32.ActiveCfg = RelWithDebInfo|Win32
		{443CDC57-4AE9-46C5-B9F7-681263BB6ABC}.RelWithDebInfo|Win32.Build.0 = RelWithDebInfo|Win32
		{4A64071B-6D01-4715-B508-D73A61409E04}.Debug|Win32.ActiveCfg = Debug|Win32
		{4A64071B-6D01-4715-B508-D73A61409E04}.Debug|Win32.Build.0 = Debug|Win32
		{4A64071B-6D01-4715-B508-D73A61409E04}.Release|Win32.ActiveCfg = Release|Win32
		{4A64071B-6D01-4715-B508-D73A61409E04}.Release|Win32.Build.0 = Release|Win32
		{4A64071B-6D01-4715-B508-D73A61409E04}.MinSizeRel|Win32.ActiveCfg = MinSizeRel|Win32
		{4A64071B-6D01-4715-B508-D73A61409E04}.MinSizeRel|Win32.Build.0 = MinSizeRel|Win32
		{4A64071B-6D01-4715-B508-D73A61409E04}.RelWithDebInfo|Win32.ActiveCfg = RelWithDebInfo|Win32
		{4A64071B-6D01-4715-B508-D73A61409E04}.RelWithDebInfo|Win32.Build.0 = RelWithDebInfo|Win32
		{121ED8E1-E4E7-4902-8805-5058ECE70594}.Debug|Win32.ActiveCfg = Debug|Win32
		{121ED8E1-E4E7-4902-8805-5058ECE70594}.Release|Win32.ActiveCfg = Release|Win32
		{121ED8E1-E4E7-4902-8805-5058ECE70594}.MinSizeRel|Win32.ActiveCfg = MinSizeRel|Win32
		{121ED8E1-E4E7-4902-8805-5058ECE70594}.RelWithDebInfo|Win32.ActiveCfg = RelWithDebInfo|Win32
		{7C2A8BF6-D2A2-4852-8EE5-8F52A4E5F467}.Debug|Win32.ActiveCfg = Debug|Win32
		{7C2A8BF6-D2A2-4852-8EE5-8F52A4E5F467}.Debug|Win32.Build.0 = Debug|Win32
		{7C2A8BF6-D2A2-4852-8EE5-8F52A4E5F467}.Release|Win32.ActiveCfg = Release|Win32
		{7C2A8BF6-D2A2-4852-8EE5-8F52A4E5F467}.Release|Win32.Build.0 = Release|Win32
		{7C2A8BF6-D2A2-4852-8EE5-8F52A4E5F467}.MinSizeRel|Win32.ActiveCfg = MinSizeRel|Win32
		{7C2A8BF6-D2A2-4852-8EE5-8F52A4E5F467}.MinSizeRel|Win32.Build.0 = MinSizeRel|Win32
		{7C2A8BF6-D2A2-4852-8EE5-8F52A4E5F467}.RelWithDebInfo|Win32.ActiveCfg = RelWithDebInfo|Win32
		{7C2A8BF6-D2A2-4852-8EE5-8F52A4E5F467}.RelWithDebInfo|Win32.Build.0 = RelWithDebInfo|Win32
		{6854136B-20CD-4CEA-BBA5-0FD67954A8E7}.Debug|Win32.ActiveCfg = Debug|Win32
		{6854136B-20CD-4CEA-BBA5-0FD67954A8E7}.Debug|Win32.Build.0 = Debug|Win32
		{6854136B-20CD-4CEA-BBA5-0FD67954A8E7}.Release|Win32.ActiveCfg = Release|Win32
		{6854136B-20CD-4CEA-BBA5-0FD67954A8E7}.Release|Win32.Build.0 = Release|Win32
		{6854136B-20CD-4CEA-BBA5-0FD67954A8E7}.MinSizeRel|Win32.ActiveCfg = MinSizeRel|Win32
		{6854136B-20CD-4CEA-BBA5-0FD67954A8E7}.MinSizeRel|Win32.Build.0 = MinSizeRel|Win32
		{6854136B-20CD-4CEA-BBA5-0FD67954A8E7}.RelWithDebInfo|Win32.ActiveCfg = RelWithDebInfo|Win32
		{6854136B-20CD-4CEA-BBA5-0FD67954A8E7}.RelWithDebInfo|Win32.Build.0 = RelWithDebInfo|Win32
		{8EFD32BC-203D-4EC2-BFC9-C9B36CFCD813}.Debug|Win32.ActiveCfg = Debug|Win32
		{8EFD32BC-203D-4EC2-BFC9-C9B36CFCD813}.Debug|Win32.Build.0 = Debug|Win32
		{8EFD32BC-203D-4EC2-BFC9-C9B36CFCD813}.Release|Win32.ActiveCfg = Release|Win32
		{8EFD32BC-203D-4EC2-BFC9-C9B36CFCD813}.Release|Win32.Build.0 = Release|Win32
		{8EFD32BC-203D-4EC2-BFC9-C9B36CFCD813}.MinSizeRel|Win32.ActiveCfg = MinSizeRel|Win32
		{8EFD32BC-203D-4EC2-BFC9-C9B36CFCD813}.MinSizeRel|Win32.Build.0 = MinSizeRel|Win32
		{8EFD32BC-203D-4EC2-BFC9-C9B36CFCD813}.RelWithDebInfo|Win32.ActiveCfg = RelWithDebInfo|Win32
		{8EFD32BC-203D-4EC2-BFC9-C9B36CFCD813}.RelWithDebInfo|Win32.Build.0 = RelWithDebInfo|Win32
		{E01309CE-F729-4EDA-BE4C-534169522975}.Debug|Win32.ActiveCfg = Debug|Win32
		{E01309CE-F729-4EDA-BE4C-534169522975}.Debug|Win32.Build.0 = Debug|Win32
		{E01309CE-F729-4EDA-BE4C-534169522975}.Release|Win32.ActiveCfg = Release|Win32
		{E01309CE-F729-4EDA-BE4C-534169522975}.Release|Win32.Build.0 = Release|Win32
		{E01309CE-F729-4EDA-BE4C-534169522975}.MinSizeRel|Win32.ActiveCfg = MinSizeRel|Win32
		{E01309CE-F729-4EDA-BE4C-534169522975}.MinSizeRel|Win32.Build.0 = MinSizeRel|Win32
		{E01309CE-F729-4EDA-BE4C-534169522975}.RelWithDebInfo|Win32.ActiveCfg = RelWithDebInfo|Win32
		{E01309CE-F729-4EDA-BE4C-534169522975}.RelWithDebInfo|Win32.Build.0 = RelWithDebInfo|Win32
		{A43C369C-746D-4FF7-8969-41A3F5816AAC}.Debug|Win32.ActiveCfg = Debug|Win32
		{A43C369C-746D-4FF7-8969-41A3F5816AAC}.Debug|Win32.Build.0 = Debug|Win32
		{A43C369C-746D-4FF7-8969-41A3F5816AAC}.Release|Win32.ActiveCfg = Release|Win32
		{A43C369C-746D-4FF7-8969-41A3F5816AAC}.Release|Win32.Build.0 = Release|Win32
		{A43C369C-746D-4FF7-8969-41A3F5816AAC}.MinSizeRel|Win32.ActiveCfg = MinSizeRel|Win32
		{A43C369C-746D-4FF7-8969-41A3F5816AAC}.MinSizeRel|Win32.Build.0 = MinSizeRel|Win32
		{A43C369C-746D-4FF7-8969-41A3F5816AAC}.RelWithDebInfo|Win32.ActiveCfg = RelWithDebInfo|Win32
		{A43C369C-746D-4FF7-8969-41A3F5816AAC}.RelWithDebInfo|Win32.Build.0 = RelWithDebInfo|Win32
	EndGlobalSection
	GlobalSection(ExtensibilityGlobals) = postSolution
	EndGlobalSection
	GlobalSection(ExtensibilityAddIns) = postSolution
	EndGlobalSection
EndGlobal
