Microsoft Visual Studio Solution File, Format Version 12.00
# Visual Studio 2013
VisualStudioVersion = 12.0.40629.0
MinimumVisualStudioVersion = 10.0.40219.1
Project("{8BC9CEB8-8B4A-11D0-8D11-00A0C91BC942}") = "akaze", "libraries\akaze\akaze.vcxproj", "{8C977957-700F-4614-8C3C-EF9F91D99B03}"
EndProject
Project("{8BC9CEB8-8B4A-11D0-8D11-00A0C91BC942}") = "build_1dsfm_reconstruction", "applications\build_1dsfm_reconstruction.vcxproj", "{97987726-26F7-4DDB-A1F7-0F6BF7548C20}"
	ProjectSection(ProjectDependencies) = postProject
		{D7450D3D-7B2A-47FF-AA8B-2B08731F7E2F} = {D7450D3D-7B2A-47FF-AA8B-2B08731F7E2F}
		{8C977957-700F-4614-8C3C-EF9F91D99B03} = {8C977957-700F-4614-8C3C-EF9F91D99B03}
		{443CDC57-4AE9-46C5-B9F7-681263BB6ABC} = {443CDC57-4AE9-46C5-B9F7-681263BB6ABC}
		{7874725E-9C84-446A-957B-88FAF8AF49EB} = {7874725E-9C84-446A-957B-88FAF8AF49EB}
		{8EFD32BC-203D-4EC2-BFC9-C9B36CFCD813} = {8EFD32BC-203D-4EC2-BFC9-C9B36CFCD813}
		{E01309CE-F729-4EDA-BE4C-534169522975} = {E01309CE-F729-4EDA-BE4C-534169522975}
		{8D59FCEA-709E-45C0-BA1D-4DC52866BA17} = {8D59FCEA-709E-45C0-BA1D-4DC52866BA17}
	EndProjectSection
EndProject
Project("{8BC9CEB8-8B4A-11D0-8D11-00A0C91BC942}") = "build_reconstruction", "applications\build_reconstruction.vcxproj", "{3A240D27-2F64-4F1D-8328-22F7CD121658}"
	ProjectSection(ProjectDependencies) = postProject
		{D7450D3D-7B2A-47FF-AA8B-2B08731F7E2F} = {D7450D3D-7B2A-47FF-AA8B-2B08731F7E2F}
		{8C977957-700F-4614-8C3C-EF9F91D99B03} = {8C977957-700F-4614-8C3C-EF9F91D99B03}
		{443CDC57-4AE9-46C5-B9F7-681263BB6ABC} = {443CDC57-4AE9-46C5-B9F7-681263BB6ABC}
		{7874725E-9C84-446A-957B-88FAF8AF49EB} = {7874725E-9C84-446A-957B-88FAF8AF49EB}
		{8EFD32BC-203D-4EC2-BFC9-C9B36CFCD813} = {8EFD32BC-203D-4EC2-BFC9-C9B36CFCD813}
		{E01309CE-F729-4EDA-BE4C-534169522975} = {E01309CE-F729-4EDA-BE4C-534169522975}
		{8D59FCEA-709E-45C0-BA1D-4DC52866BA17} = {8D59FCEA-709E-45C0-BA1D-4DC52866BA17}
	EndProjectSection
EndProject
Project("{8BC9CEB8-8B4A-11D0-8D11-00A0C91BC942}") = "flann_cpp", "libraries\flann\src\cpp\flann_cpp.vcxproj", "{7874725E-9C84-446A-957B-88FAF8AF49EB}"
EndProject
Project("{8BC9CEB8-8B4A-11D0-8D11-00A0C91BC942}") = "flann_cpp_s", "libraries\flann\src\cpp\flann_cpp_s.vcxproj", "{25F66D9A-F3BC-4772-9DEF-0EC83187078A}"
EndProject
Project("{8BC9CEB8-8B4A-11D0-8D11-00A0C91BC942}") = "statx", "libraries\statx\statx.vcxproj", "{D7450D3D-7B2A-47FF-AA8B-2B08731F7E2F}"
EndProject
Project("{8BC9CEB8-8B4A-11D0-8D11-00A0C91BC942}") = "stlplus3", "libraries\stlplus3\stlplus3.vcxproj", "{8D59FCEA-709E-45C0-BA1D-4DC52866BA17}"
EndProject
Project("{8BC9CEB8-8B4A-11D0-8D11-00A0C91BC942}") = "theia", "src\theia\theia.vcxproj", "{443CDC57-4AE9-46C5-B9F7-681263BB6ABC}"
	ProjectSection(ProjectDependencies) = postProject
		{D7450D3D-7B2A-47FF-AA8B-2B08731F7E2F} = {D7450D3D-7B2A-47FF-AA8B-2B08731F7E2F}
		{8C977957-700F-4614-8C3C-EF9F91D99B03} = {8C977957-700F-4614-8C3C-EF9F91D99B03}
		{7874725E-9C84-446A-957B-88FAF8AF49EB} = {7874725E-9C84-446A-957B-88FAF8AF49EB}
		{8EFD32BC-203D-4EC2-BFC9-C9B36CFCD813} = {8EFD32BC-203D-4EC2-BFC9-C9B36CFCD813}
		{E01309CE-F729-4EDA-BE4C-534169522975} = {E01309CE-F729-4EDA-BE4C-534169522975}
		{8D59FCEA-709E-45C0-BA1D-4DC52866BA17} = {8D59FCEA-709E-45C0-BA1D-4DC52866BA17}
	EndProjectSection
EndProject
Project("{8BC9CEB8-8B4A-11D0-8D11-00A0C91BC942}") = "view_reconstruction", "applications\view_reconstruction.vcxproj", "{6854136B-20CD-4CEA-BBA5-0FD67954A8E7}"
	ProjectSection(ProjectDependencies) = postProject
		{D7450D3D-7B2A-47FF-AA8B-2B08731F7E2F} = {D7450D3D-7B2A-47FF-AA8B-2B08731F7E2F}
		{8C977957-700F-4614-8C3C-EF9F91D99B03} = {8C977957-700F-4614-8C3C-EF9F91D99B03}
		{443CDC57-4AE9-46C5-B9F7-681263BB6ABC} = {443CDC57-4AE9-46C5-B9F7-681263BB6ABC}
		{7874725E-9C84-446A-957B-88FAF8AF49EB} = {7874725E-9C84-446A-957B-88FAF8AF49EB}
		{8EFD32BC-203D-4EC2-BFC9-C9B36CFCD813} = {8EFD32BC-203D-4EC2-BFC9-C9B36CFCD813}
		{E01309CE-F729-4EDA-BE4C-534169522975} = {E01309CE-F729-4EDA-BE4C-534169522975}
		{8D59FCEA-709E-45C0-BA1D-4DC52866BA17} = {8D59FCEA-709E-45C0-BA1D-4DC52866BA17}
	EndProjectSection
EndProject
Project("{8BC9CEB8-8B4A-11D0-8D11-00A0C91BC942}") = "visual_sfm", "libraries\visual_sfm\visual_sfm.vcxproj", "{8EFD32BC-203D-4EC2-BFC9-C9B36CFCD813}"
EndProject
Project("{8BC9CEB8-8B4A-11D0-8D11-00A0C91BC942}") = "vlfeat", "libraries\vlfeat\vlfeat.vcxproj", "{E01309CE-F729-4EDA-BE4C-534169522975}"
EndProject
Project("{8BC9CEB8-8B4A-11D0-8D11-00A0C91BC942}") = "write_reconstruction_ply_file", "applications\write_reconstruction_ply_file.vcxproj", "{A43C369C-746D-4FF7-8969-41A3F5816AAC}"
	ProjectSection(ProjectDependencies) = postProject
		{D7450D3D-7B2A-47FF-AA8B-2B08731F7E2F} = {D7450D3D-7B2A-47FF-AA8B-2B08731F7E2F}
		{8C977957-700F-4614-8C3C-EF9F91D99B03} = {8C977957-700F-4614-8C3C-EF9F91D99B03}
		{443CDC57-4AE9-46C5-B9F7-681263BB6ABC} = {443CDC57-4AE9-46C5-B9F7-681263BB6ABC}
		{7874725E-9C84-446A-957B-88FAF8AF49EB} = {7874725E-9C84-446A-957B-88FAF8AF49EB}
		{8EFD32BC-203D-4EC2-BFC9-C9B36CFCD813} = {8EFD32BC-203D-4EC2-BFC9-C9B36CFCD813}
		{E01309CE-F729-4EDA-BE4C-534169522975} = {E01309CE-F729-4EDA-BE4C-534169522975}
		{8D59FCEA-709E-45C0-BA1D-4DC52866BA17} = {8D59FCEA-709E-45C0-BA1D-4DC52866BA17}
	EndProjectSection
EndProject
Global
	GlobalSection(SolutionConfigurationPlatforms) = preSolution
		Debug|Win32 = Debug|Win32
		MinSizeRel|Win32 = MinSizeRel|Win32
		Release|Win32 = Release|Win32
		RelWithDebInfo|Win32 = RelWithDebInfo|Win32
	EndGlobalSection
	GlobalSection(ProjectConfigurationPlatforms) = postSolution
		{8C977957-700F-4614-8C3C-EF9F91D99B03}.Debug|Win32.ActiveCfg = Debug|Win32
		{8C977957-700F-4614-8C3C-EF9F91D99B03}.Debug|Win32.Build.0 = Debug|Win32
		{8C977957-700F-4614-8C3C-EF9F91D99B03}.MinSizeRel|Win32.ActiveCfg = MinSizeRel|Win32
		{8C977957-700F-4614-8C3C-EF9F91D99B03}.MinSizeRel|Win32.Build.0 = MinSizeRel|Win32
		{8C977957-700F-4614-8C3C-EF9F91D99B03}.Release|Win32.ActiveCfg = Release|Win32
		{8C977957-700F-4614-8C3C-EF9F91D99B03}.Release|Win32.Build.0 = Release|Win32
		{8C977957-700F-4614-8C3C-EF9F91D99B03}.RelWithDebInfo|Win32.ActiveCfg = RelWithDebInfo|Win32
		{8C977957-700F-4614-8C3C-EF9F91D99B03}.RelWithDebInfo|Win32.Build.0 = RelWithDebInfo|Win32
		{97987726-26F7-4DDB-A1F7-0F6BF7548C20}.Debug|Win32.ActiveCfg = Debug|Win32
		{97987726-26F7-4DDB-A1F7-0F6BF7548C20}.Debug|Win32.Build.0 = Debug|Win32
		{97987726-26F7-4DDB-A1F7-0F6BF7548C20}.MinSizeRel|Win32.ActiveCfg = MinSizeRel|Win32
		{97987726-26F7-4DDB-A1F7-0F6BF7548C20}.MinSizeRel|Win32.Build.0 = MinSizeRel|Win32
		{97987726-26F7-4DDB-A1F7-0F6BF7548C20}.Release|Win32.ActiveCfg = Release|Win32
		{97987726-26F7-4DDB-A1F7-0F6BF7548C20}.Release|Win32.Build.0 = Release|Win32
		{97987726-26F7-4DDB-A1F7-0F6BF7548C20}.RelWithDebInfo|Win32.ActiveCfg = RelWithDebInfo|Win32
		{97987726-26F7-4DDB-A1F7-0F6BF7548C20}.RelWithDebInfo|Win32.Build.0 = RelWithDebInfo|Win32
		{3A240D27-2F64-4F1D-8328-22F7CD121658}.Debug|Win32.ActiveCfg = Debug|Win32
		{3A240D27-2F64-4F1D-8328-22F7CD121658}.Debug|Win32.Build.0 = Debug|Win32
		{3A240D27-2F64-4F1D-8328-22F7CD121658}.MinSizeRel|Win32.ActiveCfg = MinSizeRel|Win32
		{3A240D27-2F64-4F1D-8328-22F7CD121658}.MinSizeRel|Win32.Build.0 = MinSizeRel|Win32
		{3A240D27-2F64-4F1D-8328-22F7CD121658}.Release|Win32.ActiveCfg = Release|Win32
		{3A240D27-2F64-4F1D-8328-22F7CD121658}.Release|Win32.Build.0 = Release|Win32
		{3A240D27-2F64-4F1D-8328-22F7CD121658}.RelWithDebInfo|Win32.ActiveCfg = RelWithDebInfo|Win32
		{3A240D27-2F64-4F1D-8328-22F7CD121658}.RelWithDebInfo|Win32.Build.0 = RelWithDebInfo|Win32
		{7874725E-9C84-446A-957B-88FAF8AF49EB}.Debug|Win32.ActiveCfg = Debug|Win32
		{7874725E-9C84-446A-957B-88FAF8AF49EB}.Debug|Win32.Build.0 = Debug|Win32
		{7874725E-9C84-446A-957B-88FAF8AF49EB}.MinSizeRel|Win32.ActiveCfg = MinSizeRel|Win32
		{7874725E-9C84-446A-957B-88FAF8AF49EB}.MinSizeRel|Win32.Build.0 = MinSizeRel|Win32
		{7874725E-9C84-446A-957B-88FAF8AF49EB}.Release|Win32.ActiveCfg = Release|Win32
		{7874725E-9C84-446A-957B-88FAF8AF49EB}.Release|Win32.Build.0 = Release|Win32
		{7874725E-9C84-446A-957B-88FAF8AF49EB}.RelWithDebInfo|Win32.ActiveCfg = RelWithDebInfo|Win32
		{7874725E-9C84-446A-957B-88FAF8AF49EB}.RelWithDebInfo|Win32.Build.0 = RelWithDebInfo|Win32
		{25F66D9A-F3BC-4772-9DEF-0EC83187078A}.Debug|Win32.ActiveCfg = Debug|Win32
		{25F66D9A-F3BC-4772-9DEF-0EC83187078A}.Debug|Win32.Build.0 = Debug|Win32
		{25F66D9A-F3BC-4772-9DEF-0EC83187078A}.MinSizeRel|Win32.ActiveCfg = MinSizeRel|Win32
		{25F66D9A-F3BC-4772-9DEF-0EC83187078A}.MinSizeRel|Win32.Build.0 = MinSizeRel|Win32
		{25F66D9A-F3BC-4772-9DEF-0EC83187078A}.Release|Win32.ActiveCfg = Release|Win32
		{25F66D9A-F3BC-4772-9DEF-0EC83187078A}.Release|Win32.Build.0 = Release|Win32
		{25F66D9A-F3BC-4772-9DEF-0EC83187078A}.RelWithDebInfo|Win32.ActiveCfg = RelWithDebInfo|Win32
		{25F66D9A-F3BC-4772-9DEF-0EC83187078A}.RelWithDebInfo|Win32.Build.0 = RelWithDebInfo|Win32
		{D7450D3D-7B2A-47FF-AA8B-2B08731F7E2F}.Debug|Win32.ActiveCfg = Debug|Win32
		{D7450D3D-7B2A-47FF-AA8B-2B08731F7E2F}.Debug|Win32.Build.0 = Debug|Win32
		{D7450D3D-7B2A-47FF-AA8B-2B08731F7E2F}.MinSizeRel|Win32.ActiveCfg = MinSizeRel|Win32
		{D7450D3D-7B2A-47FF-AA8B-2B08731F7E2F}.MinSizeRel|Win32.Build.0 = MinSizeRel|Win32
		{D7450D3D-7B2A-47FF-AA8B-2B08731F7E2F}.Release|Win32.ActiveCfg = Release|Win32
		{D7450D3D-7B2A-47FF-AA8B-2B08731F7E2F}.Release|Win32.Build.0 = Release|Win32
		{D7450D3D-7B2A-47FF-AA8B-2B08731F7E2F}.RelWithDebInfo|Win32.ActiveCfg = RelWithDebInfo|Win32
		{D7450D3D-7B2A-47FF-AA8B-2B08731F7E2F}.RelWithDebInfo|Win32.Build.0 = RelWithDebInfo|Win32
		{8D59FCEA-709E-45C0-BA1D-4DC52866BA17}.Debug|Win32.ActiveCfg = Debug|Win32
		{8D59FCEA-709E-45C0-BA1D-4DC52866BA17}.Debug|Win32.Build.0 = Debug|Win32
		{8D59FCEA-709E-45C0-BA1D-4DC52866BA17}.MinSizeRel|Win32.ActiveCfg = MinSizeRel|Win32
		{8D59FCEA-709E-45C0-BA1D-4DC52866BA17}.MinSizeRel|Win32.Build.0 = MinSizeRel|Win32
		{8D59FCEA-709E-45C0-BA1D-4DC52866BA17}.Release|Win32.ActiveCfg = Release|Win32
		{8D59FCEA-709E-45C0-BA1D-4DC52866BA17}.Release|Win32.Build.0 = Release|Win32
		{8D59FCEA-709E-45C0-BA1D-4DC52866BA17}.RelWithDebInfo|Win32.ActiveCfg = RelWithDebInfo|Win32
		{8D59FCEA-709E-45C0-BA1D-4DC52866BA17}.RelWithDebInfo|Win32.Build.0 = RelWithDebInfo|Win32
		{443CDC57-4AE9-46C5-B9F7-681263BB6ABC}.Debug|Win32.ActiveCfg = Debug|Win32
		{443CDC57-4AE9-46C5-B9F7-681263BB6ABC}.Debug|Win32.Build.0 = Debug|Win32
		{443CDC57-4AE9-46C5-B9F7-681263BB6ABC}.MinSizeRel|Win32.ActiveCfg = MinSizeRel|Win32
		{443CDC57-4AE9-46C5-B9F7-681263BB6ABC}.MinSizeRel|Win32.Build.0 = MinSizeRel|Win32
		{443CDC57-4AE9-46C5-B9F7-681263BB6ABC}.Release|Win32.ActiveCfg = Release|Win32
		{443CDC57-4AE9-46C5-B9F7-681263BB6ABC}.Release|Win32.Build.0 = Release|Win32
		{443CDC57-4AE9-46C5-B9F7-681263BB6ABC}.RelWithDebInfo|Win32.ActiveCfg = RelWithDebInfo|Win32
		{443CDC57-4AE9-46C5-B9F7-681263BB6ABC}.RelWithDebInfo|Win32.Build.0 = RelWithDebInfo|Win32
		{6854136B-20CD-4CEA-BBA5-0FD67954A8E7}.Debug|Win32.ActiveCfg = Debug|Win32
		{6854136B-20CD-4CEA-BBA5-0FD67954A8E7}.Debug|Win32.Build.0 = Debug|Win32
		{6854136B-20CD-4CEA-BBA5-0FD67954A8E7}.MinSizeRel|Win32.ActiveCfg = MinSizeRel|Win32
		{6854136B-20CD-4CEA-BBA5-0FD67954A8E7}.MinSizeRel|Win32.Build.0 = MinSizeRel|Win32
		{6854136B-20CD-4CEA-BBA5-0FD67954A8E7}.Release|Win32.ActiveCfg = Release|Win32
		{6854136B-20CD-4CEA-BBA5-0FD67954A8E7}.Release|Win32.Build.0 = Release|Win32
		{6854136B-20CD-4CEA-BBA5-0FD67954A8E7}.RelWithDebInfo|Win32.ActiveCfg = RelWithDebInfo|Win32
		{6854136B-20CD-4CEA-BBA5-0FD67954A8E7}.RelWithDebInfo|Win32.Build.0 = RelWithDebInfo|Win32
		{8EFD32BC-203D-4EC2-BFC9-C9B36CFCD813}.Debug|Win32.ActiveCfg = Debug|Win32
		{8EFD32BC-203D-4EC2-BFC9-C9B36CFCD813}.Debug|Win32.Build.0 = Debug|Win32
		{8EFD32BC-203D-4EC2-BFC9-C9B36CFCD813}.MinSizeRel|Win32.ActiveCfg = MinSizeRel|Win32
		{8EFD32BC-203D-4EC2-BFC9-C9B36CFCD813}.MinSizeRel|Win32.Build.0 = MinSizeRel|Win32
		{8EFD32BC-203D-4EC2-BFC9-C9B36CFCD813}.Release|Win32.ActiveCfg = Release|Win32
		{8EFD32BC-203D-4EC2-BFC9-C9B36CFCD813}.Release|Win32.Build.0 = Release|Win32
		{8EFD32BC-203D-4EC2-BFC9-C9B36CFCD813}.RelWithDebInfo|Win32.ActiveCfg = RelWithDebInfo|Win32
		{8EFD32BC-203D-4EC2-BFC9-C9B36CFCD813}.RelWithDebInfo|Win32.Build.0 = RelWithDebInfo|Win32
		{E01309CE-F729-4EDA-BE4C-534169522975}.Debug|Win32.ActiveCfg = Debug|Win32
		{E01309CE-F729-4EDA-BE4C-534169522975}.Debug|Win32.Build.0 = Debug|Win32
		{E01309CE-F729-4EDA-BE4C-534169522975}.MinSizeRel|Win32.ActiveCfg = MinSizeRel|Win32
		{E01309CE-F729-4EDA-BE4C-534169522975}.MinSizeRel|Win32.Build.0 = MinSizeRel|Win32
		{E01309CE-F729-4EDA-BE4C-534169522975}.Release|Win32.ActiveCfg = Release|Win32
		{E01309CE-F729-4EDA-BE4C-534169522975}.Release|Win32.Build.0 = Release|Win32
		{E01309CE-F729-4EDA-BE4C-534169522975}.RelWithDebInfo|Win32.ActiveCfg = RelWithDebInfo|Win32
		{E01309CE-F729-4EDA-BE4C-534169522975}.RelWithDebInfo|Win32.Build.0 = RelWithDebInfo|Win32
		{A43C369C-746D-4FF7-8969-41A3F5816AAC}.Debug|Win32.ActiveCfg = Debug|Win32
		{A43C369C-746D-4FF7-8969-41A3F5816AAC}.Debug|Win32.Build.0 = Debug|Win32
		{A43C369C-746D-4FF7-8969-41A3F5816AAC}.MinSizeRel|Win32.ActiveCfg = MinSizeRel|Win32
		{A43C369C-746D-4FF7-8969-41A3F5816AAC}.MinSizeRel|Win32.Build.0 = MinSizeRel|Win32
		{A43C369C-746D-4FF7-8969-41A3F5816AAC}.Release|Win32.ActiveCfg = Release|Win32
		{A43C369C-746D-4FF7-8969-41A3F5816AAC}.Release|Win32.Build.0 = Release|Win32
		{A43C369C-746D-4FF7-8969-41A3F5816AAC}.RelWithDebInfo|Win32.ActiveCfg = RelWithDebInfo|Win32
		{A43C369C-746D-4FF7-8969-41A3F5816AAC}.RelWithDebInfo|Win32.Build.0 = RelWithDebInfo|Win32
	EndGlobalSection
	GlobalSection(SolutionProperties) = preSolution
		HideSolutionNode = FALSE
	EndGlobalSection
EndGlobal
