Microsoft Visual Studio Solution File, Format Version 12.00
# Visual Studio 2013
Project("{8BC9CEB8-8B4A-11D0-8D11-00A0C91BC942}") = "ALL_BUILD", "ALL_BUILD.vcxproj", "{D7240D1A-2B77-3AC5-98E5-32C29717B9C7}"
	ProjectSection(ProjectDependencies) = postProject
		{26B45875-916B-363E-87D8-FAA06AAC93A5} = {26B45875-916B-363E-87D8-FAA06AAC93A5}
		{312BCA88-F0CD-3FA4-9A8D-66BAB4B94A2A} = {312BCA88-F0CD-3FA4-9A8D-66BAB4B94A2A}
		{9B2CB238-7D1D-3FBE-A822-07B92E12AA77} = {9B2CB238-7D1D-3FBE-A822-07B92E12AA77}
		{7293DCD2-E380-3CF5-AA74-77D7C3C9DBF9} = {7293DCD2-E380-3CF5-AA74-77D7C3C9DBF9}
		{840F95A4-05AB-3990-A445-AFE3CA84CC8C} = {840F95A4-05AB-3990-A445-AFE3CA84CC8C}
		{B67BE4B8-471D-39B4-A56D-8055F0FFC9F8} = {B67BE4B8-471D-39B4-A56D-8055F0FFC9F8}
		{C094173F-8067-3EBC-B1FB-67B995822309} = {C094173F-8067-3EBC-B1FB-67B995822309}
		{465BE97B-7565-30F7-ADC3-7F2A0E08B9F3} = {465BE97B-7565-30F7-ADC3-7F2A0E08B9F3}
		{828A4562-5C3C-38D9-8AF5-CC9AFE6D1338} = {828A4562-5C3C-38D9-8AF5-CC9AFE6D1338}
		{608EA02F-B3E2-347F-A26F-B24984DA0141} = {608EA02F-B3E2-347F-A26F-B24984DA0141}
		{41023E45-BA88-365B-8169-3CBCA4A0FB39} = {41023E45-BA88-365B-8169-3CBCA4A0FB39}
		{BC08B94A-7FD1-3CD9-B7CB-6A9B5617F463} = {BC08B94A-7FD1-3CD9-B7CB-6A9B5617F463}
		{5F4FC3A7-5E84-3905-9D2F-1505602A224E} = {5F4FC3A7-5E84-3905-9D2F-1505602A224E}
		{85C66890-0154-3E9D-ABA7-25BB62EADCA4} = {85C66890-0154-3E9D-ABA7-25BB62EADCA4}
		{7AB815BB-583F-381E-BDB7-B3EC3E4204FC} = {7AB815BB-583F-381E-BDB7-B3EC3E4204FC}
		{76DD4F25-12E9-33CB-9AAE-D8C49700D362} = {76DD4F25-12E9-33CB-9AAE-D8C49700D362}
		{C36393F2-21D9-3CCC-9C3E-1F0DF0FDB9E4} = {C36393F2-21D9-3CCC-9C3E-1F0DF0FDB9E4}
		{71EF3CD1-798D-3C50-98A7-99BDB025F225} = {71EF3CD1-798D-3C50-98A7-99BDB025F225}
		{765FCD7B-07C7-36A3-A893-075A742B7745} = {765FCD7B-07C7-36A3-A893-075A742B7745}
		{1968A607-AAB0-37C5-A32E-438FD5BA3E9A} = {1968A607-AAB0-37C5-A32E-438FD5BA3E9A}
		{E273BB96-8076-3544-9B5D-2081C103D6A9} = {E273BB96-8076-3544-9B5D-2081C103D6A9}
		{309D2904-3B9C-3338-9AB2-8C4D00E437A8} = {309D2904-3B9C-3338-9AB2-8C4D00E437A8}
		{971C4809-0CB8-35C3-BBBE-E51186ED91B6} = {971C4809-0CB8-35C3-BBBE-E51186ED91B6}
		{B4AE4F8F-23E0-3ED2-BDBA-7004C1CFE8FF} = {B4AE4F8F-23E0-3ED2-BDBA-7004C1CFE8FF}
		{47562C06-E79B-3CBD-A52E-9CE711201B03} = {47562C06-E79B-3CBD-A52E-9CE711201B03}
		{7AC874CA-14E1-373C-B1F2-F85A830AF073} = {7AC874CA-14E1-373C-B1F2-F85A830AF073}
		{A81F9880-4A44-342B-B38B-E356C59D207A} = {A81F9880-4A44-342B-B38B-E356C59D207A}
		{1F824CCA-A470-3977-B069-0F170938212F} = {1F824CCA-A470-3977-B069-0F170938212F}
		{B1628A76-E9AC-3AD4-B267-019EA1DABF72} = {B1628A76-E9AC-3AD4-B267-019EA1DABF72}
		{BA9146FF-6D44-3E4D-B1CB-72EA47F2D8D6} = {BA9146FF-6D44-3E4D-B1CB-72EA47F2D8D6}
		{350248FC-86C3-3AD5-9C2E-F595C8C23961} = {350248FC-86C3-3AD5-9C2E-F595C8C23961}
		{990EF736-1D29-383A-A286-DCA579DA5325} = {990EF736-1D29-383A-A286-DCA579DA5325}
		{9881CEB4-E50F-3D7F-91DA-DA68C055F062} = {9881CEB4-E50F-3D7F-91DA-DA68C055F062}
	EndProjectSection
EndProject
Project("{8BC9CEB8-8B4A-11D0-8D11-00A0C91BC942}") = "INSTALL", "INSTALL.vcxproj", "{43F3A8FD-A10E-3D27-9F96-29EE9812973F}"
	ProjectSection(ProjectDependencies) = postProject
		{D7240D1A-2B77-3AC5-98E5-32C29717B9C7} = {D7240D1A-2B77-3AC5-98E5-32C29717B9C7}
		{26B45875-916B-363E-87D8-FAA06AAC93A5} = {26B45875-916B-363E-87D8-FAA06AAC93A5}
	EndProjectSection
EndProject
Project("{8BC9CEB8-8B4A-11D0-8D11-00A0C91BC942}") = "PACKAGE", "PACKAGE.vcxproj", "{1BC1AE4E-ABDB-398B-9203-C585CDC83EE2}"
	ProjectSection(ProjectDependencies) = postProject
		{D7240D1A-2B77-3AC5-98E5-32C29717B9C7} = {D7240D1A-2B77-3AC5-98E5-32C29717B9C7}
		{26B45875-916B-363E-87D8-FAA06AAC93A5} = {26B45875-916B-363E-87D8-FAA06AAC93A5}
	EndProjectSection
EndProject
Project("{8BC9CEB8-8B4A-11D0-8D11-00A0C91BC942}") = "RUN_TESTS", "RUN_TESTS.vcxproj", "{46619537-8DDA-3280-872C-59317E708CC8}"
	ProjectSection(ProjectDependencies) = postProject
		{26B45875-916B-363E-87D8-FAA06AAC93A5} = {26B45875-916B-363E-87D8-FAA06AAC93A5}
	EndProjectSection
EndProject
Project("{8BC9CEB8-8B4A-11D0-8D11-00A0C91BC942}") = "ZERO_CHECK", "ZERO_CHECK.vcxproj", "{26B45875-916B-363E-87D8-FAA06AAC93A5}"
	ProjectSection(ProjectDependencies) = postProject
	EndProjectSection
EndProject
Project("{8BC9CEB8-8B4A-11D0-8D11-00A0C91BC942}") = "akaze", "libraries\akaze\akaze.vcxproj", "{312BCA88-F0CD-3FA4-9A8D-66BAB4B94A2A}"
	ProjectSection(ProjectDependencies) = postProject
		{26B45875-916B-363E-87D8-FAA06AAC93A5} = {26B45875-916B-363E-87D8-FAA06AAC93A5}
	EndProjectSection
EndProject
Project("{8BC9CEB8-8B4A-11D0-8D11-00A0C91BC942}") = "akaze_features", "libraries\akaze\akaze_features.vcxproj", "{9B2CB238-7D1D-3FBE-A822-07B92E12AA77}"
	ProjectSection(ProjectDependencies) = postProject
		{26B45875-916B-363E-87D8-FAA06AAC93A5} = {26B45875-916B-363E-87D8-FAA06AAC93A5}
		{312BCA88-F0CD-3FA4-9A8D-66BAB4B94A2A} = {312BCA88-F0CD-3FA4-9A8D-66BAB4B94A2A}
	EndProjectSection
EndProject
Project("{8BC9CEB8-8B4A-11D0-8D11-00A0C91BC942}") = "akaze_match", "libraries\akaze\akaze_match.vcxproj", "{7293DCD2-E380-3CF5-AA74-77D7C3C9DBF9}"
	ProjectSection(ProjectDependencies) = postProject
		{26B45875-916B-363E-87D8-FAA06AAC93A5} = {26B45875-916B-363E-87D8-FAA06AAC93A5}
		{312BCA88-F0CD-3FA4-9A8D-66BAB4B94A2A} = {312BCA88-F0CD-3FA4-9A8D-66BAB4B94A2A}
	EndProjectSection
EndProject
Project("{8BC9CEB8-8B4A-11D0-8D11-00A0C91BC942}") = "build_1dsfm_reconstruction", "applications\build_1dsfm_reconstruction.vcxproj", "{840F95A4-05AB-3990-A445-AFE3CA84CC8C}"
	ProjectSection(ProjectDependencies) = postProject
		{26B45875-916B-363E-87D8-FAA06AAC93A5} = {26B45875-916B-363E-87D8-FAA06AAC93A5}
		{312BCA88-F0CD-3FA4-9A8D-66BAB4B94A2A} = {312BCA88-F0CD-3FA4-9A8D-66BAB4B94A2A}
		{971C4809-0CB8-35C3-BBBE-E51186ED91B6} = {971C4809-0CB8-35C3-BBBE-E51186ED91B6}
		{47562C06-E79B-3CBD-A52E-9CE711201B03} = {47562C06-E79B-3CBD-A52E-9CE711201B03}
		{7AC874CA-14E1-373C-B1F2-F85A830AF073} = {7AC874CA-14E1-373C-B1F2-F85A830AF073}
		{A81F9880-4A44-342B-B38B-E356C59D207A} = {A81F9880-4A44-342B-B38B-E356C59D207A}
		{350248FC-86C3-3AD5-9C2E-F595C8C23961} = {350248FC-86C3-3AD5-9C2E-F595C8C23961}
		{990EF736-1D29-383A-A286-DCA579DA5325} = {990EF736-1D29-383A-A286-DCA579DA5325}
	EndProjectSection
EndProject
Project("{8BC9CEB8-8B4A-11D0-8D11-00A0C91BC942}") = "build_reconstruction", "applications\build_reconstruction.vcxproj", "{B67BE4B8-471D-39B4-A56D-8055F0FFC9F8}"
	ProjectSection(ProjectDependencies) = postProject
		{26B45875-916B-363E-87D8-FAA06AAC93A5} = {26B45875-916B-363E-87D8-FAA06AAC93A5}
		{312BCA88-F0CD-3FA4-9A8D-66BAB4B94A2A} = {312BCA88-F0CD-3FA4-9A8D-66BAB4B94A2A}
		{971C4809-0CB8-35C3-BBBE-E51186ED91B6} = {971C4809-0CB8-35C3-BBBE-E51186ED91B6}
		{47562C06-E79B-3CBD-A52E-9CE711201B03} = {47562C06-E79B-3CBD-A52E-9CE711201B03}
		{7AC874CA-14E1-373C-B1F2-F85A830AF073} = {7AC874CA-14E1-373C-B1F2-F85A830AF073}
		{A81F9880-4A44-342B-B38B-E356C59D207A} = {A81F9880-4A44-342B-B38B-E356C59D207A}
		{350248FC-86C3-3AD5-9C2E-F595C8C23961} = {350248FC-86C3-3AD5-9C2E-F595C8C23961}
		{990EF736-1D29-383A-A286-DCA579DA5325} = {990EF736-1D29-383A-A286-DCA579DA5325}
	EndProjectSection
EndProject
Project("{8BC9CEB8-8B4A-11D0-8D11-00A0C91BC942}") = "calibrate_camera_intrinsics", "applications\calibrate_camera_intrinsics.vcxproj", "{C094173F-8067-3EBC-B1FB-67B995822309}"
	ProjectSection(ProjectDependencies) = postProject
		{26B45875-916B-363E-87D8-FAA06AAC93A5} = {26B45875-916B-363E-87D8-FAA06AAC93A5}
		{312BCA88-F0CD-3FA4-9A8D-66BAB4B94A2A} = {312BCA88-F0CD-3FA4-9A8D-66BAB4B94A2A}
		{971C4809-0CB8-35C3-BBBE-E51186ED91B6} = {971C4809-0CB8-35C3-BBBE-E51186ED91B6}
		{47562C06-E79B-3CBD-A52E-9CE711201B03} = {47562C06-E79B-3CBD-A52E-9CE711201B03}
		{7AC874CA-14E1-373C-B1F2-F85A830AF073} = {7AC874CA-14E1-373C-B1F2-F85A830AF073}
		{A81F9880-4A44-342B-B38B-E356C59D207A} = {A81F9880-4A44-342B-B38B-E356C59D207A}
		{350248FC-86C3-3AD5-9C2E-F595C8C23961} = {350248FC-86C3-3AD5-9C2E-F595C8C23961}
		{990EF736-1D29-383A-A286-DCA579DA5325} = {990EF736-1D29-383A-A286-DCA579DA5325}
	EndProjectSection
EndProject
Project("{8BC9CEB8-8B4A-11D0-8D11-00A0C91BC942}") = "colorize_reconstruction", "applications\colorize_reconstruction.vcxproj", "{465BE97B-7565-30F7-ADC3-7F2A0E08B9F3}"
	ProjectSection(ProjectDependencies) = postProject
		{26B45875-916B-363E-87D8-FAA06AAC93A5} = {26B45875-916B-363E-87D8-FAA06AAC93A5}
		{312BCA88-F0CD-3FA4-9A8D-66BAB4B94A2A} = {312BCA88-F0CD-3FA4-9A8D-66BAB4B94A2A}
		{971C4809-0CB8-35C3-BBBE-E51186ED91B6} = {971C4809-0CB8-35C3-BBBE-E51186ED91B6}
		{47562C06-E79B-3CBD-A52E-9CE711201B03} = {47562C06-E79B-3CBD-A52E-9CE711201B03}
		{7AC874CA-14E1-373C-B1F2-F85A830AF073} = {7AC874CA-14E1-373C-B1F2-F85A830AF073}
		{A81F9880-4A44-342B-B38B-E356C59D207A} = {A81F9880-4A44-342B-B38B-E356C59D207A}
		{350248FC-86C3-3AD5-9C2E-F595C8C23961} = {350248FC-86C3-3AD5-9C2E-F595C8C23961}
		{990EF736-1D29-383A-A286-DCA579DA5325} = {990EF736-1D29-383A-A286-DCA579DA5325}
	EndProjectSection
EndProject
Project("{8BC9CEB8-8B4A-11D0-8D11-00A0C91BC942}") = "compare_reconstructions", "applications\compare_reconstructions.vcxproj", "{828A4562-5C3C-38D9-8AF5-CC9AFE6D1338}"
	ProjectSection(ProjectDependencies) = postProject
		{26B45875-916B-363E-87D8-FAA06AAC93A5} = {26B45875-916B-363E-87D8-FAA06AAC93A5}
		{312BCA88-F0CD-3FA4-9A8D-66BAB4B94A2A} = {312BCA88-F0CD-3FA4-9A8D-66BAB4B94A2A}
		{971C4809-0CB8-35C3-BBBE-E51186ED91B6} = {971C4809-0CB8-35C3-BBBE-E51186ED91B6}
		{47562C06-E79B-3CBD-A52E-9CE711201B03} = {47562C06-E79B-3CBD-A52E-9CE711201B03}
		{7AC874CA-14E1-373C-B1F2-F85A830AF073} = {7AC874CA-14E1-373C-B1F2-F85A830AF073}
		{A81F9880-4A44-342B-B38B-E356C59D207A} = {A81F9880-4A44-342B-B38B-E356C59D207A}
		{350248FC-86C3-3AD5-9C2E-F595C8C23961} = {350248FC-86C3-3AD5-9C2E-F595C8C23961}
		{990EF736-1D29-383A-A286-DCA579DA5325} = {990EF736-1D29-383A-A286-DCA579DA5325}
	EndProjectSection
EndProject
Project("{8BC9CEB8-8B4A-11D0-8D11-00A0C91BC942}") = "compute_matching_relative_pose_errors", "applications\compute_matching_relative_pose_errors.vcxproj", "{608EA02F-B3E2-347F-A26F-B24984DA0141}"
	ProjectSection(ProjectDependencies) = postProject
		{26B45875-916B-363E-87D8-FAA06AAC93A5} = {26B45875-916B-363E-87D8-FAA06AAC93A5}
		{312BCA88-F0CD-3FA4-9A8D-66BAB4B94A2A} = {312BCA88-F0CD-3FA4-9A8D-66BAB4B94A2A}
		{971C4809-0CB8-35C3-BBBE-E51186ED91B6} = {971C4809-0CB8-35C3-BBBE-E51186ED91B6}
		{47562C06-E79B-3CBD-A52E-9CE711201B03} = {47562C06-E79B-3CBD-A52E-9CE711201B03}
		{7AC874CA-14E1-373C-B1F2-F85A830AF073} = {7AC874CA-14E1-373C-B1F2-F85A830AF073}
		{A81F9880-4A44-342B-B38B-E356C59D207A} = {A81F9880-4A44-342B-B38B-E356C59D207A}
		{350248FC-86C3-3AD5-9C2E-F595C8C23961} = {350248FC-86C3-3AD5-9C2E-F595C8C23961}
		{990EF736-1D29-383A-A286-DCA579DA5325} = {990EF736-1D29-383A-A286-DCA579DA5325}
	EndProjectSection
EndProject
Project("{8BC9CEB8-8B4A-11D0-8D11-00A0C91BC942}") = "compute_reconstruction_statistics", "applications\compute_reconstruction_statistics.vcxproj", "{41023E45-BA88-365B-8169-3CBCA4A0FB39}"
	ProjectSection(ProjectDependencies) = postProject
		{26B45875-916B-363E-87D8-FAA06AAC93A5} = {26B45875-916B-363E-87D8-FAA06AAC93A5}
		{312BCA88-F0CD-3FA4-9A8D-66BAB4B94A2A} = {312BCA88-F0CD-3FA4-9A8D-66BAB4B94A2A}
		{971C4809-0CB8-35C3-BBBE-E51186ED91B6} = {971C4809-0CB8-35C3-BBBE-E51186ED91B6}
		{47562C06-E79B-3CBD-A52E-9CE711201B03} = {47562C06-E79B-3CBD-A52E-9CE711201B03}
		{7AC874CA-14E1-373C-B1F2-F85A830AF073} = {7AC874CA-14E1-373C-B1F2-F85A830AF073}
		{A81F9880-4A44-342B-B38B-E356C59D207A} = {A81F9880-4A44-342B-B38B-E356C59D207A}
		{350248FC-86C3-3AD5-9C2E-F595C8C23961} = {350248FC-86C3-3AD5-9C2E-F595C8C23961}
		{990EF736-1D29-383A-A286-DCA579DA5325} = {990EF736-1D29-383A-A286-DCA579DA5325}
	EndProjectSection
EndProject
Project("{8BC9CEB8-8B4A-11D0-8D11-00A0C91BC942}") = "compute_two_view_geometry", "applications\compute_two_view_geometry.vcxproj", "{BC08B94A-7FD1-3CD9-B7CB-6A9B5617F463}"
	ProjectSection(ProjectDependencies) = postProject
		{26B45875-916B-363E-87D8-FAA06AAC93A5} = {26B45875-916B-363E-87D8-FAA06AAC93A5}
		{312BCA88-F0CD-3FA4-9A8D-66BAB4B94A2A} = {312BCA88-F0CD-3FA4-9A8D-66BAB4B94A2A}
		{971C4809-0CB8-35C3-BBBE-E51186ED91B6} = {971C4809-0CB8-35C3-BBBE-E51186ED91B6}
		{47562C06-E79B-3CBD-A52E-9CE711201B03} = {47562C06-E79B-3CBD-A52E-9CE711201B03}
		{7AC874CA-14E1-373C-B1F2-F85A830AF073} = {7AC874CA-14E1-373C-B1F2-F85A830AF073}
		{A81F9880-4A44-342B-B38B-E356C59D207A} = {A81F9880-4A44-342B-B38B-E356C59D207A}
		{350248FC-86C3-3AD5-9C2E-F595C8C23961} = {350248FC-86C3-3AD5-9C2E-F595C8C23961}
		{990EF736-1D29-383A-A286-DCA579DA5325} = {990EF736-1D29-383A-A286-DCA579DA5325}
	EndProjectSection
EndProject
Project("{8BC9CEB8-8B4A-11D0-8D11-00A0C91BC942}") = "convert_bundle_file", "applications\convert_bundle_file.vcxproj", "{5F4FC3A7-5E84-3905-9D2F-1505602A224E}"
	ProjectSection(ProjectDependencies) = postProject
		{26B45875-916B-363E-87D8-FAA06AAC93A5} = {26B45875-916B-363E-87D8-FAA06AAC93A5}
		{312BCA88-F0CD-3FA4-9A8D-66BAB4B94A2A} = {312BCA88-F0CD-3FA4-9A8D-66BAB4B94A2A}
		{971C4809-0CB8-35C3-BBBE-E51186ED91B6} = {971C4809-0CB8-35C3-BBBE-E51186ED91B6}
		{47562C06-E79B-3CBD-A52E-9CE711201B03} = {47562C06-E79B-3CBD-A52E-9CE711201B03}
		{7AC874CA-14E1-373C-B1F2-F85A830AF073} = {7AC874CA-14E1-373C-B1F2-F85A830AF073}
		{A81F9880-4A44-342B-B38B-E356C59D207A} = {A81F9880-4A44-342B-B38B-E356C59D207A}
		{350248FC-86C3-3AD5-9C2E-F595C8C23961} = {350248FC-86C3-3AD5-9C2E-F595C8C23961}
		{990EF736-1D29-383A-A286-DCA579DA5325} = {990EF736-1D29-383A-A286-DCA579DA5325}
	EndProjectSection
EndProject
Project("{8BC9CEB8-8B4A-11D0-8D11-00A0C91BC942}") = "convert_nvm_file", "applications\convert_nvm_file.vcxproj", "{85C66890-0154-3E9D-ABA7-25BB62EADCA4}"
	ProjectSection(ProjectDependencies) = postProject
		{26B45875-916B-363E-87D8-FAA06AAC93A5} = {26B45875-916B-363E-87D8-FAA06AAC93A5}
		{312BCA88-F0CD-3FA4-9A8D-66BAB4B94A2A} = {312BCA88-F0CD-3FA4-9A8D-66BAB4B94A2A}
		{971C4809-0CB8-35C3-BBBE-E51186ED91B6} = {971C4809-0CB8-35C3-BBBE-E51186ED91B6}
		{47562C06-E79B-3CBD-A52E-9CE711201B03} = {47562C06-E79B-3CBD-A52E-9CE711201B03}
		{7AC874CA-14E1-373C-B1F2-F85A830AF073} = {7AC874CA-14E1-373C-B1F2-F85A830AF073}
		{A81F9880-4A44-342B-B38B-E356C59D207A} = {A81F9880-4A44-342B-B38B-E356C59D207A}
		{350248FC-86C3-3AD5-9C2E-F595C8C23961} = {350248FC-86C3-3AD5-9C2E-F595C8C23961}
		{990EF736-1D29-383A-A286-DCA579DA5325} = {990EF736-1D29-383A-A286-DCA579DA5325}
	EndProjectSection
EndProject
Project("{8BC9CEB8-8B4A-11D0-8D11-00A0C91BC942}") = "convert_sift_key_file", "applications\convert_sift_key_file.vcxproj", "{7AB815BB-583F-381E-BDB7-B3EC3E4204FC}"
	ProjectSection(ProjectDependencies) = postProject
		{26B45875-916B-363E-87D8-FAA06AAC93A5} = {26B45875-916B-363E-87D8-FAA06AAC93A5}
		{312BCA88-F0CD-3FA4-9A8D-66BAB4B94A2A} = {312BCA88-F0CD-3FA4-9A8D-66BAB4B94A2A}
		{971C4809-0CB8-35C3-BBBE-E51186ED91B6} = {971C4809-0CB8-35C3-BBBE-E51186ED91B6}
		{47562C06-E79B-3CBD-A52E-9CE711201B03} = {47562C06-E79B-3CBD-A52E-9CE711201B03}
		{7AC874CA-14E1-373C-B1F2-F85A830AF073} = {7AC874CA-14E1-373C-B1F2-F85A830AF073}
		{A81F9880-4A44-342B-B38B-E356C59D207A} = {A81F9880-4A44-342B-B38B-E356C59D207A}
		{350248FC-86C3-3AD5-9C2E-F595C8C23961} = {350248FC-86C3-3AD5-9C2E-F595C8C23961}
		{990EF736-1D29-383A-A286-DCA579DA5325} = {990EF736-1D29-383A-A286-DCA579DA5325}
	EndProjectSection
EndProject
Project("{8BC9CEB8-8B4A-11D0-8D11-00A0C91BC942}") = "convert_theia_reconstruction_to_bundler_file", "applications\convert_theia_reconstruction_to_bundler_file.vcxproj", "{76DD4F25-12E9-33CB-9AAE-D8C49700D362}"
	ProjectSection(ProjectDependencies) = postProject
		{26B45875-916B-363E-87D8-FAA06AAC93A5} = {26B45875-916B-363E-87D8-FAA06AAC93A5}
		{312BCA88-F0CD-3FA4-9A8D-66BAB4B94A2A} = {312BCA88-F0CD-3FA4-9A8D-66BAB4B94A2A}
		{971C4809-0CB8-35C3-BBBE-E51186ED91B6} = {971C4809-0CB8-35C3-BBBE-E51186ED91B6}
		{47562C06-E79B-3CBD-A52E-9CE711201B03} = {47562C06-E79B-3CBD-A52E-9CE711201B03}
		{7AC874CA-14E1-373C-B1F2-F85A830AF073} = {7AC874CA-14E1-373C-B1F2-F85A830AF073}
		{A81F9880-4A44-342B-B38B-E356C59D207A} = {A81F9880-4A44-342B-B38B-E356C59D207A}
		{350248FC-86C3-3AD5-9C2E-F595C8C23961} = {350248FC-86C3-3AD5-9C2E-F595C8C23961}
		{990EF736-1D29-383A-A286-DCA579DA5325} = {990EF736-1D29-383A-A286-DCA579DA5325}
	EndProjectSection
EndProject
Project("{8BC9CEB8-8B4A-11D0-8D11-00A0C91BC942}") = "create_calibration_file_from_exif", "applications\create_calibration_file_from_exif.vcxproj", "{C36393F2-21D9-3CCC-9C3E-1F0DF0FDB9E4}"
	ProjectSection(ProjectDependencies) = postProject
		{26B45875-916B-363E-87D8-FAA06AAC93A5} = {26B45875-916B-363E-87D8-FAA06AAC93A5}
		{312BCA88-F0CD-3FA4-9A8D-66BAB4B94A2A} = {312BCA88-F0CD-3FA4-9A8D-66BAB4B94A2A}
		{971C4809-0CB8-35C3-BBBE-E51186ED91B6} = {971C4809-0CB8-35C3-BBBE-E51186ED91B6}
		{47562C06-E79B-3CBD-A52E-9CE711201B03} = {47562C06-E79B-3CBD-A52E-9CE711201B03}
		{7AC874CA-14E1-373C-B1F2-F85A830AF073} = {7AC874CA-14E1-373C-B1F2-F85A830AF073}
		{A81F9880-4A44-342B-B38B-E356C59D207A} = {A81F9880-4A44-342B-B38B-E356C59D207A}
		{350248FC-86C3-3AD5-9C2E-F595C8C23961} = {350248FC-86C3-3AD5-9C2E-F595C8C23961}
		{990EF736-1D29-383A-A286-DCA579DA5325} = {990EF736-1D29-383A-A286-DCA579DA5325}
	EndProjectSection
EndProject
Project("{8BC9CEB8-8B4A-11D0-8D11-00A0C91BC942}") = "create_reconstruction_from_strecha_dataset", "applications\create_reconstruction_from_strecha_dataset.vcxproj", "{71EF3CD1-798D-3C50-98A7-99BDB025F225}"
	ProjectSection(ProjectDependencies) = postProject
		{26B45875-916B-363E-87D8-FAA06AAC93A5} = {26B45875-916B-363E-87D8-FAA06AAC93A5}
		{312BCA88-F0CD-3FA4-9A8D-66BAB4B94A2A} = {312BCA88-F0CD-3FA4-9A8D-66BAB4B94A2A}
		{971C4809-0CB8-35C3-BBBE-E51186ED91B6} = {971C4809-0CB8-35C3-BBBE-E51186ED91B6}
		{47562C06-E79B-3CBD-A52E-9CE711201B03} = {47562C06-E79B-3CBD-A52E-9CE711201B03}
		{7AC874CA-14E1-373C-B1F2-F85A830AF073} = {7AC874CA-14E1-373C-B1F2-F85A830AF073}
		{A81F9880-4A44-342B-B38B-E356C59D207A} = {A81F9880-4A44-342B-B38B-E356C59D207A}
		{350248FC-86C3-3AD5-9C2E-F595C8C23961} = {350248FC-86C3-3AD5-9C2E-F595C8C23961}
		{990EF736-1D29-383A-A286-DCA579DA5325} = {990EF736-1D29-383A-A286-DCA579DA5325}
	EndProjectSection
EndProject
Project("{8BC9CEB8-8B4A-11D0-8D11-00A0C91BC942}") = "evaluate_relative_translation_optimization", "applications\evaluate_relative_translation_optimization.vcxproj", "{765FCD7B-07C7-36A3-A893-075A742B7745}"
	ProjectSection(ProjectDependencies) = postProject
		{26B45875-916B-363E-87D8-FAA06AAC93A5} = {26B45875-916B-363E-87D8-FAA06AAC93A5}
		{312BCA88-F0CD-3FA4-9A8D-66BAB4B94A2A} = {312BCA88-F0CD-3FA4-9A8D-66BAB4B94A2A}
		{971C4809-0CB8-35C3-BBBE-E51186ED91B6} = {971C4809-0CB8-35C3-BBBE-E51186ED91B6}
		{47562C06-E79B-3CBD-A52E-9CE711201B03} = {47562C06-E79B-3CBD-A52E-9CE711201B03}
		{7AC874CA-14E1-373C-B1F2-F85A830AF073} = {7AC874CA-14E1-373C-B1F2-F85A830AF073}
		{A81F9880-4A44-342B-B38B-E356C59D207A} = {A81F9880-4A44-342B-B38B-E356C59D207A}
		{350248FC-86C3-3AD5-9C2E-F595C8C23961} = {350248FC-86C3-3AD5-9C2E-F595C8C23961}
		{990EF736-1D29-383A-A286-DCA579DA5325} = {990EF736-1D29-383A-A286-DCA579DA5325}
	EndProjectSection
EndProject
Project("{8BC9CEB8-8B4A-11D0-8D11-00A0C91BC942}") = "export_reconstruction_to_pmvs", "applications\export_reconstruction_to_pmvs.vcxproj", "{1968A607-AAB0-37C5-A32E-438FD5BA3E9A}"
	ProjectSection(ProjectDependencies) = postProject
		{26B45875-916B-363E-87D8-FAA06AAC93A5} = {26B45875-916B-363E-87D8-FAA06AAC93A5}
		{312BCA88-F0CD-3FA4-9A8D-66BAB4B94A2A} = {312BCA88-F0CD-3FA4-9A8D-66BAB4B94A2A}
		{971C4809-0CB8-35C3-BBBE-E51186ED91B6} = {971C4809-0CB8-35C3-BBBE-E51186ED91B6}
		{47562C06-E79B-3CBD-A52E-9CE711201B03} = {47562C06-E79B-3CBD-A52E-9CE711201B03}
		{7AC874CA-14E1-373C-B1F2-F85A830AF073} = {7AC874CA-14E1-373C-B1F2-F85A830AF073}
		{A81F9880-4A44-342B-B38B-E356C59D207A} = {A81F9880-4A44-342B-B38B-E356C59D207A}
		{350248FC-86C3-3AD5-9C2E-F595C8C23961} = {350248FC-86C3-3AD5-9C2E-F595C8C23961}
		{990EF736-1D29-383A-A286-DCA579DA5325} = {990EF736-1D29-383A-A286-DCA579DA5325}
	EndProjectSection
EndProject
Project("{8BC9CEB8-8B4A-11D0-8D11-00A0C91BC942}") = "export_to_nvm_file", "applications\export_to_nvm_file.vcxproj", "{E273BB96-8076-3544-9B5D-2081C103D6A9}"
	ProjectSection(ProjectDependencies) = postProject
		{26B45875-916B-363E-87D8-FAA06AAC93A5} = {26B45875-916B-363E-87D8-FAA06AAC93A5}
		{312BCA88-F0CD-3FA4-9A8D-66BAB4B94A2A} = {312BCA88-F0CD-3FA4-9A8D-66BAB4B94A2A}
		{971C4809-0CB8-35C3-BBBE-E51186ED91B6} = {971C4809-0CB8-35C3-BBBE-E51186ED91B6}
		{47562C06-E79B-3CBD-A52E-9CE711201B03} = {47562C06-E79B-3CBD-A52E-9CE711201B03}
		{7AC874CA-14E1-373C-B1F2-F85A830AF073} = {7AC874CA-14E1-373C-B1F2-F85A830AF073}
		{A81F9880-4A44-342B-B38B-E356C59D207A} = {A81F9880-4A44-342B-B38B-E356C59D207A}
		{350248FC-86C3-3AD5-9C2E-F595C8C23961} = {350248FC-86C3-3AD5-9C2E-F595C8C23961}
		{990EF736-1D29-383A-A286-DCA579DA5325} = {990EF736-1D29-383A-A286-DCA579DA5325}
	EndProjectSection
EndProject
Project("{8BC9CEB8-8B4A-11D0-8D11-00A0C91BC942}") = "extract_features", "applications\extract_features.vcxproj", "{309D2904-3B9C-3338-9AB2-8C4D00E437A8}"
	ProjectSection(ProjectDependencies) = postProject
		{26B45875-916B-363E-87D8-FAA06AAC93A5} = {26B45875-916B-363E-87D8-FAA06AAC93A5}
		{312BCA88-F0CD-3FA4-9A8D-66BAB4B94A2A} = {312BCA88-F0CD-3FA4-9A8D-66BAB4B94A2A}
		{971C4809-0CB8-35C3-BBBE-E51186ED91B6} = {971C4809-0CB8-35C3-BBBE-E51186ED91B6}
		{47562C06-E79B-3CBD-A52E-9CE711201B03} = {47562C06-E79B-3CBD-A52E-9CE711201B03}
		{7AC874CA-14E1-373C-B1F2-F85A830AF073} = {7AC874CA-14E1-373C-B1F2-F85A830AF073}
		{A81F9880-4A44-342B-B38B-E356C59D207A} = {A81F9880-4A44-342B-B38B-E356C59D207A}
		{350248FC-86C3-3AD5-9C2E-F595C8C23961} = {350248FC-86C3-3AD5-9C2E-F595C8C23961}
		{990EF736-1D29-383A-A286-DCA579DA5325} = {990EF736-1D29-383A-A286-DCA579DA5325}
	EndProjectSection
EndProject
Project("{8BC9CEB8-8B4A-11D0-8D11-00A0C91BC942}") = "flann_cpp", "libraries\flann\src\cpp\flann_cpp.vcxproj", "{971C4809-0CB8-35C3-BBBE-E51186ED91B6}"
	ProjectSection(ProjectDependencies) = postProject
		{26B45875-916B-363E-87D8-FAA06AAC93A5} = {26B45875-916B-363E-87D8-FAA06AAC93A5}
	EndProjectSection
EndProject
Project("{8BC9CEB8-8B4A-11D0-8D11-00A0C91BC942}") = "flann_cpp_s", "libraries\flann\src\cpp\flann_cpp_s.vcxproj", "{B4AE4F8F-23E0-3ED2-BDBA-7004C1CFE8FF}"
	ProjectSection(ProjectDependencies) = postProject
		{26B45875-916B-363E-87D8-FAA06AAC93A5} = {26B45875-916B-363E-87D8-FAA06AAC93A5}
	EndProjectSection
EndProject
Project("{8BC9CEB8-8B4A-11D0-8D11-00A0C91BC942}") = "statx", "libraries\statx\statx.vcxproj", "{47562C06-E79B-3CBD-A52E-9CE711201B03}"
	ProjectSection(ProjectDependencies) = postProject
		{26B45875-916B-363E-87D8-FAA06AAC93A5} = {26B45875-916B-363E-87D8-FAA06AAC93A5}
	EndProjectSection
EndProject
Project("{8BC9CEB8-8B4A-11D0-8D11-00A0C91BC942}") = "stlplus3", "libraries\stlplus3\stlplus3.vcxproj", "{7AC874CA-14E1-373C-B1F2-F85A830AF073}"
	ProjectSection(ProjectDependencies) = postProject
		{26B45875-916B-363E-87D8-FAA06AAC93A5} = {26B45875-916B-363E-87D8-FAA06AAC93A5}
	EndProjectSection
EndProject
Project("{8BC9CEB8-8B4A-11D0-8D11-00A0C91BC942}") = "theia", "src\theia\theia.vcxproj", "{A81F9880-4A44-342B-B38B-E356C59D207A}"
	ProjectSection(ProjectDependencies) = postProject
		{26B45875-916B-363E-87D8-FAA06AAC93A5} = {26B45875-916B-363E-87D8-FAA06AAC93A5}
		{312BCA88-F0CD-3FA4-9A8D-66BAB4B94A2A} = {312BCA88-F0CD-3FA4-9A8D-66BAB4B94A2A}
		{971C4809-0CB8-35C3-BBBE-E51186ED91B6} = {971C4809-0CB8-35C3-BBBE-E51186ED91B6}
		{47562C06-E79B-3CBD-A52E-9CE711201B03} = {47562C06-E79B-3CBD-A52E-9CE711201B03}
		{7AC874CA-14E1-373C-B1F2-F85A830AF073} = {7AC874CA-14E1-373C-B1F2-F85A830AF073}
		{350248FC-86C3-3AD5-9C2E-F595C8C23961} = {350248FC-86C3-3AD5-9C2E-F595C8C23961}
		{990EF736-1D29-383A-A286-DCA579DA5325} = {990EF736-1D29-383A-A286-DCA579DA5325}
	EndProjectSection
EndProject
Project("{8BC9CEB8-8B4A-11D0-8D11-00A0C91BC942}") = "undistort_images", "applications\undistort_images.vcxproj", "{1F824CCA-A470-3977-B069-0F170938212F}"
	ProjectSection(ProjectDependencies) = postProject
		{26B45875-916B-363E-87D8-FAA06AAC93A5} = {26B45875-916B-363E-87D8-FAA06AAC93A5}
		{312BCA88-F0CD-3FA4-9A8D-66BAB4B94A2A} = {312BCA88-F0CD-3FA4-9A8D-66BAB4B94A2A}
		{971C4809-0CB8-35C3-BBBE-E51186ED91B6} = {971C4809-0CB8-35C3-BBBE-E51186ED91B6}
		{47562C06-E79B-3CBD-A52E-9CE711201B03} = {47562C06-E79B-3CBD-A52E-9CE711201B03}
		{7AC874CA-14E1-373C-B1F2-F85A830AF073} = {7AC874CA-14E1-373C-B1F2-F85A830AF073}
		{A81F9880-4A44-342B-B38B-E356C59D207A} = {A81F9880-4A44-342B-B38B-E356C59D207A}
		{350248FC-86C3-3AD5-9C2E-F595C8C23961} = {350248FC-86C3-3AD5-9C2E-F595C8C23961}
		{990EF736-1D29-383A-A286-DCA579DA5325} = {990EF736-1D29-383A-A286-DCA579DA5325}
	EndProjectSection
EndProject
Project("{8BC9CEB8-8B4A-11D0-8D11-00A0C91BC942}") = "uninstall", "uninstall.vcxproj", "{8F2EA0CB-0AEB-3016-9DF0-8DB9578C8F64}"
	ProjectSection(ProjectDependencies) = postProject
		{26B45875-916B-363E-87D8-FAA06AAC93A5} = {26B45875-916B-363E-87D8-FAA06AAC93A5}
	EndProjectSection
EndProject
Project("{8BC9CEB8-8B4A-11D0-8D11-00A0C91BC942}") = "verify_1dsfm_input", "applications\verify_1dsfm_input.vcxproj", "{B1628A76-E9AC-3AD4-B267-019EA1DABF72}"
	ProjectSection(ProjectDependencies) = postProject
		{26B45875-916B-363E-87D8-FAA06AAC93A5} = {26B45875-916B-363E-87D8-FAA06AAC93A5}
		{312BCA88-F0CD-3FA4-9A8D-66BAB4B94A2A} = {312BCA88-F0CD-3FA4-9A8D-66BAB4B94A2A}
		{971C4809-0CB8-35C3-BBBE-E51186ED91B6} = {971C4809-0CB8-35C3-BBBE-E51186ED91B6}
		{47562C06-E79B-3CBD-A52E-9CE711201B03} = {47562C06-E79B-3CBD-A52E-9CE711201B03}
		{7AC874CA-14E1-373C-B1F2-F85A830AF073} = {7AC874CA-14E1-373C-B1F2-F85A830AF073}
		{A81F9880-4A44-342B-B38B-E356C59D207A} = {A81F9880-4A44-342B-B38B-E356C59D207A}
		{350248FC-86C3-3AD5-9C2E-F595C8C23961} = {350248FC-86C3-3AD5-9C2E-F595C8C23961}
		{990EF736-1D29-383A-A286-DCA579DA5325} = {990EF736-1D29-383A-A286-DCA579DA5325}
	EndProjectSection
EndProject
Project("{8BC9CEB8-8B4A-11D0-8D11-00A0C91BC942}") = "view_reconstruction", "applications\view_reconstruction.vcxproj", "{BA9146FF-6D44-3E4D-B1CB-72EA47F2D8D6}"
	ProjectSection(ProjectDependencies) = postProject
		{26B45875-916B-363E-87D8-FAA06AAC93A5} = {26B45875-916B-363E-87D8-FAA06AAC93A5}
		{312BCA88-F0CD-3FA4-9A8D-66BAB4B94A2A} = {312BCA88-F0CD-3FA4-9A8D-66BAB4B94A2A}
		{971C4809-0CB8-35C3-BBBE-E51186ED91B6} = {971C4809-0CB8-35C3-BBBE-E51186ED91B6}
		{47562C06-E79B-3CBD-A52E-9CE711201B03} = {47562C06-E79B-3CBD-A52E-9CE711201B03}
		{7AC874CA-14E1-373C-B1F2-F85A830AF073} = {7AC874CA-14E1-373C-B1F2-F85A830AF073}
		{A81F9880-4A44-342B-B38B-E356C59D207A} = {A81F9880-4A44-342B-B38B-E356C59D207A}
		{350248FC-86C3-3AD5-9C2E-F595C8C23961} = {350248FC-86C3-3AD5-9C2E-F595C8C23961}
		{990EF736-1D29-383A-A286-DCA579DA5325} = {990EF736-1D29-383A-A286-DCA579DA5325}
	EndProjectSection
EndProject
Project("{8BC9CEB8-8B4A-11D0-8D11-00A0C91BC942}") = "visual_sfm", "libraries\visual_sfm\visual_sfm.vcxproj", "{350248FC-86C3-3AD5-9C2E-F595C8C23961}"
	ProjectSection(ProjectDependencies) = postProject
		{26B45875-916B-363E-87D8-FAA06AAC93A5} = {26B45875-916B-363E-87D8-FAA06AAC93A5}
	EndProjectSection
EndProject
Project("{8BC9CEB8-8B4A-11D0-8D11-00A0C91BC942}") = "vlfeat", "libraries\vlfeat\vlfeat.vcxproj", "{990EF736-1D29-383A-A286-DCA579DA5325}"
	ProjectSection(ProjectDependencies) = postProject
		{26B45875-916B-363E-87D8-FAA06AAC93A5} = {26B45875-916B-363E-87D8-FAA06AAC93A5}
	EndProjectSection
EndProject
Project("{8BC9CEB8-8B4A-11D0-8D11-00A0C91BC942}") = "write_reconstruction_ply_file", "applications\write_reconstruction_ply_file.vcxproj", "{9881CEB4-E50F-3D7F-91DA-DA68C055F062}"
	ProjectSection(ProjectDependencies) = postProject
		{26B45875-916B-363E-87D8-FAA06AAC93A5} = {26B45875-916B-363E-87D8-FAA06AAC93A5}
		{312BCA88-F0CD-3FA4-9A8D-66BAB4B94A2A} = {312BCA88-F0CD-3FA4-9A8D-66BAB4B94A2A}
		{971C4809-0CB8-35C3-BBBE-E51186ED91B6} = {971C4809-0CB8-35C3-BBBE-E51186ED91B6}
		{47562C06-E79B-3CBD-A52E-9CE711201B03} = {47562C06-E79B-3CBD-A52E-9CE711201B03}
		{7AC874CA-14E1-373C-B1F2-F85A830AF073} = {7AC874CA-14E1-373C-B1F2-F85A830AF073}
		{A81F9880-4A44-342B-B38B-E356C59D207A} = {A81F9880-4A44-342B-B38B-E356C59D207A}
		{350248FC-86C3-3AD5-9C2E-F595C8C23961} = {350248FC-86C3-3AD5-9C2E-F595C8C23961}
		{990EF736-1D29-383A-A286-DCA579DA5325} = {990EF736-1D29-383A-A286-DCA579DA5325}
	EndProjectSection
EndProject
Global
	GlobalSection(SolutionConfigurationPlatforms) = preSolution
		Debug|x64 = Debug|x64
		Release|x64 = Release|x64
		MinSizeRel|x64 = MinSizeRel|x64
		RelWithDebInfo|x64 = RelWithDebInfo|x64
	EndGlobalSection
	GlobalSection(ProjectConfigurationPlatforms) = postSolution
		{D7240D1A-2B77-3AC5-98E5-32C29717B9C7}.Debug|x64.ActiveCfg = Debug|x64
		{D7240D1A-2B77-3AC5-98E5-32C29717B9C7}.Debug|x64.Build.0 = Debug|x64
		{D7240D1A-2B77-3AC5-98E5-32C29717B9C7}.Release|x64.ActiveCfg = Release|x64
		{D7240D1A-2B77-3AC5-98E5-32C29717B9C7}.Release|x64.Build.0 = Release|x64
		{D7240D1A-2B77-3AC5-98E5-32C29717B9C7}.MinSizeRel|x64.ActiveCfg = MinSizeRel|x64
		{D7240D1A-2B77-3AC5-98E5-32C29717B9C7}.MinSizeRel|x64.Build.0 = MinSizeRel|x64
		{D7240D1A-2B77-3AC5-98E5-32C29717B9C7}.RelWithDebInfo|x64.ActiveCfg = RelWithDebInfo|x64
		{D7240D1A-2B77-3AC5-98E5-32C29717B9C7}.RelWithDebInfo|x64.Build.0 = RelWithDebInfo|x64
		{43F3A8FD-A10E-3D27-9F96-29EE9812973F}.Debug|x64.ActiveCfg = Debug|x64
		{43F3A8FD-A10E-3D27-9F96-29EE9812973F}.Release|x64.ActiveCfg = Release|x64
		{43F3A8FD-A10E-3D27-9F96-29EE9812973F}.MinSizeRel|x64.ActiveCfg = MinSizeRel|x64
		{43F3A8FD-A10E-3D27-9F96-29EE9812973F}.RelWithDebInfo|x64.ActiveCfg = RelWithDebInfo|x64
		{1BC1AE4E-ABDB-398B-9203-C585CDC83EE2}.Debug|x64.ActiveCfg = Debug|x64
		{1BC1AE4E-ABDB-398B-9203-C585CDC83EE2}.Release|x64.ActiveCfg = Release|x64
		{1BC1AE4E-ABDB-398B-9203-C585CDC83EE2}.MinSizeRel|x64.ActiveCfg = MinSizeRel|x64
		{1BC1AE4E-ABDB-398B-9203-C585CDC83EE2}.RelWithDebInfo|x64.ActiveCfg = RelWithDebInfo|x64
		{46619537-8DDA-3280-872C-59317E708CC8}.Debug|x64.ActiveCfg = Debug|x64
		{46619537-8DDA-3280-872C-59317E708CC8}.Release|x64.ActiveCfg = Release|x64
		{46619537-8DDA-3280-872C-59317E708CC8}.MinSizeRel|x64.ActiveCfg = MinSizeRel|x64
		{46619537-8DDA-3280-872C-59317E708CC8}.RelWithDebInfo|x64.ActiveCfg = RelWithDebInfo|x64
		{26B45875-916B-363E-87D8-FAA06AAC93A5}.Debug|x64.ActiveCfg = Debug|x64
		{26B45875-916B-363E-87D8-FAA06AAC93A5}.Debug|x64.Build.0 = Debug|x64
		{26B45875-916B-363E-87D8-FAA06AAC93A5}.Release|x64.ActiveCfg = Release|x64
		{26B45875-916B-363E-87D8-FAA06AAC93A5}.Release|x64.Build.0 = Release|x64
		{26B45875-916B-363E-87D8-FAA06AAC93A5}.MinSizeRel|x64.ActiveCfg = MinSizeRel|x64
		{26B45875-916B-363E-87D8-FAA06AAC93A5}.MinSizeRel|x64.Build.0 = MinSizeRel|x64
		{26B45875-916B-363E-87D8-FAA06AAC93A5}.RelWithDebInfo|x64.ActiveCfg = RelWithDebInfo|x64
		{26B45875-916B-363E-87D8-FAA06AAC93A5}.RelWithDebInfo|x64.Build.0 = RelWithDebInfo|x64
		{312BCA88-F0CD-3FA4-9A8D-66BAB4B94A2A}.Debug|x64.ActiveCfg = Debug|x64
		{312BCA88-F0CD-3FA4-9A8D-66BAB4B94A2A}.Debug|x64.Build.0 = Debug|x64
		{312BCA88-F0CD-3FA4-9A8D-66BAB4B94A2A}.Release|x64.ActiveCfg = Release|x64
		{312BCA88-F0CD-3FA4-9A8D-66BAB4B94A2A}.Release|x64.Build.0 = Release|x64
		{312BCA88-F0CD-3FA4-9A8D-66BAB4B94A2A}.MinSizeRel|x64.ActiveCfg = MinSizeRel|x64
		{312BCA88-F0CD-3FA4-9A8D-66BAB4B94A2A}.MinSizeRel|x64.Build.0 = MinSizeRel|x64
		{312BCA88-F0CD-3FA4-9A8D-66BAB4B94A2A}.RelWithDebInfo|x64.ActiveCfg = RelWithDebInfo|x64
		{312BCA88-F0CD-3FA4-9A8D-66BAB4B94A2A}.RelWithDebInfo|x64.Build.0 = RelWithDebInfo|x64
		{9B2CB238-7D1D-3FBE-A822-07B92E12AA77}.Debug|x64.ActiveCfg = Debug|x64
		{9B2CB238-7D1D-3FBE-A822-07B92E12AA77}.Debug|x64.Build.0 = Debug|x64
		{9B2CB238-7D1D-3FBE-A822-07B92E12AA77}.Release|x64.ActiveCfg = Release|x64
		{9B2CB238-7D1D-3FBE-A822-07B92E12AA77}.Release|x64.Build.0 = Release|x64
		{9B2CB238-7D1D-3FBE-A822-07B92E12AA77}.MinSizeRel|x64.ActiveCfg = MinSizeRel|x64
		{9B2CB238-7D1D-3FBE-A822-07B92E12AA77}.MinSizeRel|x64.Build.0 = MinSizeRel|x64
		{9B2CB238-7D1D-3FBE-A822-07B92E12AA77}.RelWithDebInfo|x64.ActiveCfg = RelWithDebInfo|x64
		{9B2CB238-7D1D-3FBE-A822-07B92E12AA77}.RelWithDebInfo|x64.Build.0 = RelWithDebInfo|x64
		{7293DCD2-E380-3CF5-AA74-77D7C3C9DBF9}.Debug|x64.ActiveCfg = Debug|x64
		{7293DCD2-E380-3CF5-AA74-77D7C3C9DBF9}.Debug|x64.Build.0 = Debug|x64
		{7293DCD2-E380-3CF5-AA74-77D7C3C9DBF9}.Release|x64.ActiveCfg = Release|x64
		{7293DCD2-E380-3CF5-AA74-77D7C3C9DBF9}.Release|x64.Build.0 = Release|x64
		{7293DCD2-E380-3CF5-AA74-77D7C3C9DBF9}.MinSizeRel|x64.ActiveCfg = MinSizeRel|x64
		{7293DCD2-E380-3CF5-AA74-77D7C3C9DBF9}.MinSizeRel|x64.Build.0 = MinSizeRel|x64
		{7293DCD2-E380-3CF5-AA74-77D7C3C9DBF9}.RelWithDebInfo|x64.ActiveCfg = RelWithDebInfo|x64
		{7293DCD2-E380-3CF5-AA74-77D7C3C9DBF9}.RelWithDebInfo|x64.Build.0 = RelWithDebInfo|x64
		{840F95A4-05AB-3990-A445-AFE3CA84CC8C}.Debug|x64.ActiveCfg = Debug|x64
		{840F95A4-05AB-3990-A445-AFE3CA84CC8C}.Debug|x64.Build.0 = Debug|x64
		{840F95A4-05AB-3990-A445-AFE3CA84CC8C}.Release|x64.ActiveCfg = Release|x64
		{840F95A4-05AB-3990-A445-AFE3CA84CC8C}.Release|x64.Build.0 = Release|x64
		{840F95A4-05AB-3990-A445-AFE3CA84CC8C}.MinSizeRel|x64.ActiveCfg = MinSizeRel|x64
		{840F95A4-05AB-3990-A445-AFE3CA84CC8C}.MinSizeRel|x64.Build.0 = MinSizeRel|x64
		{840F95A4-05AB-3990-A445-AFE3CA84CC8C}.RelWithDebInfo|x64.ActiveCfg = RelWithDebInfo|x64
		{840F95A4-05AB-3990-A445-AFE3CA84CC8C}.RelWithDebInfo|x64.Build.0 = RelWithDebInfo|x64
		{B67BE4B8-471D-39B4-A56D-8055F0FFC9F8}.Debug|x64.ActiveCfg = Debug|x64
		{B67BE4B8-471D-39B4-A56D-8055F0FFC9F8}.Debug|x64.Build.0 = Debug|x64
		{B67BE4B8-471D-39B4-A56D-8055F0FFC9F8}.Release|x64.ActiveCfg = Release|x64
		{B67BE4B8-471D-39B4-A56D-8055F0FFC9F8}.Release|x64.Build.0 = Release|x64
		{B67BE4B8-471D-39B4-A56D-8055F0FFC9F8}.MinSizeRel|x64.ActiveCfg = MinSizeRel|x64
		{B67BE4B8-471D-39B4-A56D-8055F0FFC9F8}.MinSizeRel|x64.Build.0 = MinSizeRel|x64
		{B67BE4B8-471D-39B4-A56D-8055F0FFC9F8}.RelWithDebInfo|x64.ActiveCfg = RelWithDebInfo|x64
		{B67BE4B8-471D-39B4-A56D-8055F0FFC9F8}.RelWithDebInfo|x64.Build.0 = RelWithDebInfo|x64
		{C094173F-8067-3EBC-B1FB-67B995822309}.Debug|x64.ActiveCfg = Debug|x64
		{C094173F-8067-3EBC-B1FB-67B995822309}.Debug|x64.Build.0 = Debug|x64
		{C094173F-8067-3EBC-B1FB-67B995822309}.Release|x64.ActiveCfg = Release|x64
		{C094173F-8067-3EBC-B1FB-67B995822309}.Release|x64.Build.0 = Release|x64
		{C094173F-8067-3EBC-B1FB-67B995822309}.MinSizeRel|x64.ActiveCfg = MinSizeRel|x64
		{C094173F-8067-3EBC-B1FB-67B995822309}.MinSizeRel|x64.Build.0 = MinSizeRel|x64
		{C094173F-8067-3EBC-B1FB-67B995822309}.RelWithDebInfo|x64.ActiveCfg = RelWithDebInfo|x64
		{C094173F-8067-3EBC-B1FB-67B995822309}.RelWithDebInfo|x64.Build.0 = RelWithDebInfo|x64
		{465BE97B-7565-30F7-ADC3-7F2A0E08B9F3}.Debug|x64.ActiveCfg = Debug|x64
		{465BE97B-7565-30F7-ADC3-7F2A0E08B9F3}.Debug|x64.Build.0 = Debug|x64
		{465BE97B-7565-30F7-ADC3-7F2A0E08B9F3}.Release|x64.ActiveCfg = Release|x64
		{465BE97B-7565-30F7-ADC3-7F2A0E08B9F3}.Release|x64.Build.0 = Release|x64
		{465BE97B-7565-30F7-ADC3-7F2A0E08B9F3}.MinSizeRel|x64.ActiveCfg = MinSizeRel|x64
		{465BE97B-7565-30F7-ADC3-7F2A0E08B9F3}.MinSizeRel|x64.Build.0 = MinSizeRel|x64
		{465BE97B-7565-30F7-ADC3-7F2A0E08B9F3}.RelWithDebInfo|x64.ActiveCfg = RelWithDebInfo|x64
		{465BE97B-7565-30F7-ADC3-7F2A0E08B9F3}.RelWithDebInfo|x64.Build.0 = RelWithDebInfo|x64
		{828A4562-5C3C-38D9-8AF5-CC9AFE6D1338}.Debug|x64.ActiveCfg = Debug|x64
		{828A4562-5C3C-38D9-8AF5-CC9AFE6D1338}.Debug|x64.Build.0 = Debug|x64
		{828A4562-5C3C-38D9-8AF5-CC9AFE6D1338}.Release|x64.ActiveCfg = Release|x64
		{828A4562-5C3C-38D9-8AF5-CC9AFE6D1338}.Release|x64.Build.0 = Release|x64
		{828A4562-5C3C-38D9-8AF5-CC9AFE6D1338}.MinSizeRel|x64.ActiveCfg = MinSizeRel|x64
		{828A4562-5C3C-38D9-8AF5-CC9AFE6D1338}.MinSizeRel|x64.Build.0 = MinSizeRel|x64
		{828A4562-5C3C-38D9-8AF5-CC9AFE6D1338}.RelWithDebInfo|x64.ActiveCfg = RelWithDebInfo|x64
		{828A4562-5C3C-38D9-8AF5-CC9AFE6D1338}.RelWithDebInfo|x64.Build.0 = RelWithDebInfo|x64
		{608EA02F-B3E2-347F-A26F-B24984DA0141}.Debug|x64.ActiveCfg = Debug|x64
		{608EA02F-B3E2-347F-A26F-B24984DA0141}.Debug|x64.Build.0 = Debug|x64
		{608EA02F-B3E2-347F-A26F-B24984DA0141}.Release|x64.ActiveCfg = Release|x64
		{608EA02F-B3E2-347F-A26F-B24984DA0141}.Release|x64.Build.0 = Release|x64
		{608EA02F-B3E2-347F-A26F-B24984DA0141}.MinSizeRel|x64.ActiveCfg = MinSizeRel|x64
		{608EA02F-B3E2-347F-A26F-B24984DA0141}.MinSizeRel|x64.Build.0 = MinSizeRel|x64
		{608EA02F-B3E2-347F-A26F-B24984DA0141}.RelWithDebInfo|x64.ActiveCfg = RelWithDebInfo|x64
		{608EA02F-B3E2-347F-A26F-B24984DA0141}.RelWithDebInfo|x64.Build.0 = RelWithDebInfo|x64
		{41023E45-BA88-365B-8169-3CBCA4A0FB39}.Debug|x64.ActiveCfg = Debug|x64
		{41023E45-BA88-365B-8169-3CBCA4A0FB39}.Debug|x64.Build.0 = Debug|x64
		{41023E45-BA88-365B-8169-3CBCA4A0FB39}.Release|x64.ActiveCfg = Release|x64
		{41023E45-BA88-365B-8169-3CBCA4A0FB39}.Release|x64.Build.0 = Release|x64
		{41023E45-BA88-365B-8169-3CBCA4A0FB39}.MinSizeRel|x64.ActiveCfg = MinSizeRel|x64
		{41023E45-BA88-365B-8169-3CBCA4A0FB39}.MinSizeRel|x64.Build.0 = MinSizeRel|x64
		{41023E45-BA88-365B-8169-3CBCA4A0FB39}.RelWithDebInfo|x64.ActiveCfg = RelWithDebInfo|x64
		{41023E45-BA88-365B-8169-3CBCA4A0FB39}.RelWithDebInfo|x64.Build.0 = RelWithDebInfo|x64
		{BC08B94A-7FD1-3CD9-B7CB-6A9B5617F463}.Debug|x64.ActiveCfg = Debug|x64
		{BC08B94A-7FD1-3CD9-B7CB-6A9B5617F463}.Debug|x64.Build.0 = Debug|x64
		{BC08B94A-7FD1-3CD9-B7CB-6A9B5617F463}.Release|x64.ActiveCfg = Release|x64
		{BC08B94A-7FD1-3CD9-B7CB-6A9B5617F463}.Release|x64.Build.0 = Release|x64
		{BC08B94A-7FD1-3CD9-B7CB-6A9B5617F463}.MinSizeRel|x64.ActiveCfg = MinSizeRel|x64
		{BC08B94A-7FD1-3CD9-B7CB-6A9B5617F463}.MinSizeRel|x64.Build.0 = MinSizeRel|x64
		{BC08B94A-7FD1-3CD9-B7CB-6A9B5617F463}.RelWithDebInfo|x64.ActiveCfg = RelWithDebInfo|x64
		{BC08B94A-7FD1-3CD9-B7CB-6A9B5617F463}.RelWithDebInfo|x64.Build.0 = RelWithDebInfo|x64
		{5F4FC3A7-5E84-3905-9D2F-1505602A224E}.Debug|x64.ActiveCfg = Debug|x64
		{5F4FC3A7-5E84-3905-9D2F-1505602A224E}.Debug|x64.Build.0 = Debug|x64
		{5F4FC3A7-5E84-3905-9D2F-1505602A224E}.Release|x64.ActiveCfg = Release|x64
		{5F4FC3A7-5E84-3905-9D2F-1505602A224E}.Release|x64.Build.0 = Release|x64
		{5F4FC3A7-5E84-3905-9D2F-1505602A224E}.MinSizeRel|x64.ActiveCfg = MinSizeRel|x64
		{5F4FC3A7-5E84-3905-9D2F-1505602A224E}.MinSizeRel|x64.Build.0 = MinSizeRel|x64
		{5F4FC3A7-5E84-3905-9D2F-1505602A224E}.RelWithDebInfo|x64.ActiveCfg = RelWithDebInfo|x64
		{5F4FC3A7-5E84-3905-9D2F-1505602A224E}.RelWithDebInfo|x64.Build.0 = RelWithDebInfo|x64
		{85C66890-0154-3E9D-ABA7-25BB62EADCA4}.Debug|x64.ActiveCfg = Debug|x64
		{85C66890-0154-3E9D-ABA7-25BB62EADCA4}.Debug|x64.Build.0 = Debug|x64
		{85C66890-0154-3E9D-ABA7-25BB62EADCA4}.Release|x64.ActiveCfg = Release|x64
		{85C66890-0154-3E9D-ABA7-25BB62EADCA4}.Release|x64.Build.0 = Release|x64
		{85C66890-0154-3E9D-ABA7-25BB62EADCA4}.MinSizeRel|x64.ActiveCfg = MinSizeRel|x64
		{85C66890-0154-3E9D-ABA7-25BB62EADCA4}.MinSizeRel|x64.Build.0 = MinSizeRel|x64
		{85C66890-0154-3E9D-ABA7-25BB62EADCA4}.RelWithDebInfo|x64.ActiveCfg = RelWithDebInfo|x64
		{85C66890-0154-3E9D-ABA7-25BB62EADCA4}.RelWithDebInfo|x64.Build.0 = RelWithDebInfo|x64
		{7AB815BB-583F-381E-BDB7-B3EC3E4204FC}.Debug|x64.ActiveCfg = Debug|x64
		{7AB815BB-583F-381E-BDB7-B3EC3E4204FC}.Debug|x64.Build.0 = Debug|x64
		{7AB815BB-583F-381E-BDB7-B3EC3E4204FC}.Release|x64.ActiveCfg = Release|x64
		{7AB815BB-583F-381E-BDB7-B3EC3E4204FC}.Release|x64.Build.0 = Release|x64
		{7AB815BB-583F-381E-BDB7-B3EC3E4204FC}.MinSizeRel|x64.ActiveCfg = MinSizeRel|x64
		{7AB815BB-583F-381E-BDB7-B3EC3E4204FC}.MinSizeRel|x64.Build.0 = MinSizeRel|x64
		{7AB815BB-583F-381E-BDB7-B3EC3E4204FC}.RelWithDebInfo|x64.ActiveCfg = RelWithDebInfo|x64
		{7AB815BB-583F-381E-BDB7-B3EC3E4204FC}.RelWithDebInfo|x64.Build.0 = RelWithDebInfo|x64
		{76DD4F25-12E9-33CB-9AAE-D8C49700D362}.Debug|x64.ActiveCfg = Debug|x64
		{76DD4F25-12E9-33CB-9AAE-D8C49700D362}.Debug|x64.Build.0 = Debug|x64
		{76DD4F25-12E9-33CB-9AAE-D8C49700D362}.Release|x64.ActiveCfg = Release|x64
		{76DD4F25-12E9-33CB-9AAE-D8C49700D362}.Release|x64.Build.0 = Release|x64
		{76DD4F25-12E9-33CB-9AAE-D8C49700D362}.MinSizeRel|x64.ActiveCfg = MinSizeRel|x64
		{76DD4F25-12E9-33CB-9AAE-D8C49700D362}.MinSizeRel|x64.Build.0 = MinSizeRel|x64
		{76DD4F25-12E9-33CB-9AAE-D8C49700D362}.RelWithDebInfo|x64.ActiveCfg = RelWithDebInfo|x64
		{76DD4F25-12E9-33CB-9AAE-D8C49700D362}.RelWithDebInfo|x64.Build.0 = RelWithDebInfo|x64
		{C36393F2-21D9-3CCC-9C3E-1F0DF0FDB9E4}.Debug|x64.ActiveCfg = Debug|x64
		{C36393F2-21D9-3CCC-9C3E-1F0DF0FDB9E4}.Debug|x64.Build.0 = Debug|x64
		{C36393F2-21D9-3CCC-9C3E-1F0DF0FDB9E4}.Release|x64.ActiveCfg = Release|x64
		{C36393F2-21D9-3CCC-9C3E-1F0DF0FDB9E4}.Release|x64.Build.0 = Release|x64
		{C36393F2-21D9-3CCC-9C3E-1F0DF0FDB9E4}.MinSizeRel|x64.ActiveCfg = MinSizeRel|x64
		{C36393F2-21D9-3CCC-9C3E-1F0DF0FDB9E4}.MinSizeRel|x64.Build.0 = MinSizeRel|x64
		{C36393F2-21D9-3CCC-9C3E-1F0DF0FDB9E4}.RelWithDebInfo|x64.ActiveCfg = RelWithDebInfo|x64
		{C36393F2-21D9-3CCC-9C3E-1F0DF0FDB9E4}.RelWithDebInfo|x64.Build.0 = RelWithDebInfo|x64
		{71EF3CD1-798D-3C50-98A7-99BDB025F225}.Debug|x64.ActiveCfg = Debug|x64
		{71EF3CD1-798D-3C50-98A7-99BDB025F225}.Debug|x64.Build.0 = Debug|x64
		{71EF3CD1-798D-3C50-98A7-99BDB025F225}.Release|x64.ActiveCfg = Release|x64
		{71EF3CD1-798D-3C50-98A7-99BDB025F225}.Release|x64.Build.0 = Release|x64
		{71EF3CD1-798D-3C50-98A7-99BDB025F225}.MinSizeRel|x64.ActiveCfg = MinSizeRel|x64
		{71EF3CD1-798D-3C50-98A7-99BDB025F225}.MinSizeRel|x64.Build.0 = MinSizeRel|x64
		{71EF3CD1-798D-3C50-98A7-99BDB025F225}.RelWithDebInfo|x64.ActiveCfg = RelWithDebInfo|x64
		{71EF3CD1-798D-3C50-98A7-99BDB025F225}.RelWithDebInfo|x64.Build.0 = RelWithDebInfo|x64
		{765FCD7B-07C7-36A3-A893-075A742B7745}.Debug|x64.ActiveCfg = Debug|x64
		{765FCD7B-07C7-36A3-A893-075A742B7745}.Debug|x64.Build.0 = Debug|x64
		{765FCD7B-07C7-36A3-A893-075A742B7745}.Release|x64.ActiveCfg = Release|x64
		{765FCD7B-07C7-36A3-A893-075A742B7745}.Release|x64.Build.0 = Release|x64
		{765FCD7B-07C7-36A3-A893-075A742B7745}.MinSizeRel|x64.ActiveCfg = MinSizeRel|x64
		{765FCD7B-07C7-36A3-A893-075A742B7745}.MinSizeRel|x64.Build.0 = MinSizeRel|x64
		{765FCD7B-07C7-36A3-A893-075A742B7745}.RelWithDebInfo|x64.ActiveCfg = RelWithDebInfo|x64
		{765FCD7B-07C7-36A3-A893-075A742B7745}.RelWithDebInfo|x64.Build.0 = RelWithDebInfo|x64
		{1968A607-AAB0-37C5-A32E-438FD5BA3E9A}.Debug|x64.ActiveCfg = Debug|x64
		{1968A607-AAB0-37C5-A32E-438FD5BA3E9A}.Debug|x64.Build.0 = Debug|x64
		{1968A607-AAB0-37C5-A32E-438FD5BA3E9A}.Release|x64.ActiveCfg = Release|x64
		{1968A607-AAB0-37C5-A32E-438FD5BA3E9A}.Release|x64.Build.0 = Release|x64
		{1968A607-AAB0-37C5-A32E-438FD5BA3E9A}.MinSizeRel|x64.ActiveCfg = MinSizeRel|x64
		{1968A607-AAB0-37C5-A32E-438FD5BA3E9A}.MinSizeRel|x64.Build.0 = MinSizeRel|x64
		{1968A607-AAB0-37C5-A32E-438FD5BA3E9A}.RelWithDebInfo|x64.ActiveCfg = RelWithDebInfo|x64
		{1968A607-AAB0-37C5-A32E-438FD5BA3E9A}.RelWithDebInfo|x64.Build.0 = RelWithDebInfo|x64
		{E273BB96-8076-3544-9B5D-2081C103D6A9}.Debug|x64.ActiveCfg = Debug|x64
		{E273BB96-8076-3544-9B5D-2081C103D6A9}.Debug|x64.Build.0 = Debug|x64
		{E273BB96-8076-3544-9B5D-2081C103D6A9}.Release|x64.ActiveCfg = Release|x64
		{E273BB96-8076-3544-9B5D-2081C103D6A9}.Release|x64.Build.0 = Release|x64
		{E273BB96-8076-3544-9B5D-2081C103D6A9}.MinSizeRel|x64.ActiveCfg = MinSizeRel|x64
		{E273BB96-8076-3544-9B5D-2081C103D6A9}.MinSizeRel|x64.Build.0 = MinSizeRel|x64
		{E273BB96-8076-3544-9B5D-2081C103D6A9}.RelWithDebInfo|x64.ActiveCfg = RelWithDebInfo|x64
		{E273BB96-8076-3544-9B5D-2081C103D6A9}.RelWithDebInfo|x64.Build.0 = RelWithDebInfo|x64
		{309D2904-3B9C-3338-9AB2-8C4D00E437A8}.Debug|x64.ActiveCfg = Debug|x64
		{309D2904-3B9C-3338-9AB2-8C4D00E437A8}.Debug|x64.Build.0 = Debug|x64
		{309D2904-3B9C-3338-9AB2-8C4D00E437A8}.Release|x64.ActiveCfg = Release|x64
		{309D2904-3B9C-3338-9AB2-8C4D00E437A8}.Release|x64.Build.0 = Release|x64
		{309D2904-3B9C-3338-9AB2-8C4D00E437A8}.MinSizeRel|x64.ActiveCfg = MinSizeRel|x64
		{309D2904-3B9C-3338-9AB2-8C4D00E437A8}.MinSizeRel|x64.Build.0 = MinSizeRel|x64
		{309D2904-3B9C-3338-9AB2-8C4D00E437A8}.RelWithDebInfo|x64.ActiveCfg = RelWithDebInfo|x64
		{309D2904-3B9C-3338-9AB2-8C4D00E437A8}.RelWithDebInfo|x64.Build.0 = RelWithDebInfo|x64
		{971C4809-0CB8-35C3-BBBE-E51186ED91B6}.Debug|x64.ActiveCfg = Debug|x64
		{971C4809-0CB8-35C3-BBBE-E51186ED91B6}.Debug|x64.Build.0 = Debug|x64
		{971C4809-0CB8-35C3-BBBE-E51186ED91B6}.Release|x64.ActiveCfg = Release|x64
		{971C4809-0CB8-35C3-BBBE-E51186ED91B6}.Release|x64.Build.0 = Release|x64
		{971C4809-0CB8-35C3-BBBE-E51186ED91B6}.MinSizeRel|x64.ActiveCfg = MinSizeRel|x64
		{971C4809-0CB8-35C3-BBBE-E51186ED91B6}.MinSizeRel|x64.Build.0 = MinSizeRel|x64
		{971C4809-0CB8-35C3-BBBE-E51186ED91B6}.RelWithDebInfo|x64.ActiveCfg = RelWithDebInfo|x64
		{971C4809-0CB8-35C3-BBBE-E51186ED91B6}.RelWithDebInfo|x64.Build.0 = RelWithDebInfo|x64
		{B4AE4F8F-23E0-3ED2-BDBA-7004C1CFE8FF}.Debug|x64.ActiveCfg = Debug|x64
		{B4AE4F8F-23E0-3ED2-BDBA-7004C1CFE8FF}.Debug|x64.Build.0 = Debug|x64
		{B4AE4F8F-23E0-3ED2-BDBA-7004C1CFE8FF}.Release|x64.ActiveCfg = Release|x64
		{B4AE4F8F-23E0-3ED2-BDBA-7004C1CFE8FF}.Release|x64.Build.0 = Release|x64
		{B4AE4F8F-23E0-3ED2-BDBA-7004C1CFE8FF}.MinSizeRel|x64.ActiveCfg = MinSizeRel|x64
		{B4AE4F8F-23E0-3ED2-BDBA-7004C1CFE8FF}.MinSizeRel|x64.Build.0 = MinSizeRel|x64
		{B4AE4F8F-23E0-3ED2-BDBA-7004C1CFE8FF}.RelWithDebInfo|x64.ActiveCfg = RelWithDebInfo|x64
		{B4AE4F8F-23E0-3ED2-BDBA-7004C1CFE8FF}.RelWithDebInfo|x64.Build.0 = RelWithDebInfo|x64
		{47562C06-E79B-3CBD-A52E-9CE711201B03}.Debug|x64.ActiveCfg = Debug|x64
		{47562C06-E79B-3CBD-A52E-9CE711201B03}.Debug|x64.Build.0 = Debug|x64
		{47562C06-E79B-3CBD-A52E-9CE711201B03}.Release|x64.ActiveCfg = Release|x64
		{47562C06-E79B-3CBD-A52E-9CE711201B03}.Release|x64.Build.0 = Release|x64
		{47562C06-E79B-3CBD-A52E-9CE711201B03}.MinSizeRel|x64.ActiveCfg = MinSizeRel|x64
		{47562C06-E79B-3CBD-A52E-9CE711201B03}.MinSizeRel|x64.Build.0 = MinSizeRel|x64
		{47562C06-E79B-3CBD-A52E-9CE711201B03}.RelWithDebInfo|x64.ActiveCfg = RelWithDebInfo|x64
		{47562C06-E79B-3CBD-A52E-9CE711201B03}.RelWithDebInfo|x64.Build.0 = RelWithDebInfo|x64
		{7AC874CA-14E1-373C-B1F2-F85A830AF073}.Debug|x64.ActiveCfg = Debug|x64
		{7AC874CA-14E1-373C-B1F2-F85A830AF073}.Debug|x64.Build.0 = Debug|x64
		{7AC874CA-14E1-373C-B1F2-F85A830AF073}.Release|x64.ActiveCfg = Release|x64
		{7AC874CA-14E1-373C-B1F2-F85A830AF073}.Release|x64.Build.0 = Release|x64
		{7AC874CA-14E1-373C-B1F2-F85A830AF073}.MinSizeRel|x64.ActiveCfg = MinSizeRel|x64
		{7AC874CA-14E1-373C-B1F2-F85A830AF073}.MinSizeRel|x64.Build.0 = MinSizeRel|x64
		{7AC874CA-14E1-373C-B1F2-F85A830AF073}.RelWithDebInfo|x64.ActiveCfg = RelWithDebInfo|x64
		{7AC874CA-14E1-373C-B1F2-F85A830AF073}.RelWithDebInfo|x64.Build.0 = RelWithDebInfo|x64
		{A81F9880-4A44-342B-B38B-E356C59D207A}.Debug|x64.ActiveCfg = Debug|x64
		{A81F9880-4A44-342B-B38B-E356C59D207A}.Debug|x64.Build.0 = Debug|x64
		{A81F9880-4A44-342B-B38B-E356C59D207A}.Release|x64.ActiveCfg = Release|x64
		{A81F9880-4A44-342B-B38B-E356C59D207A}.Release|x64.Build.0 = Release|x64
		{A81F9880-4A44-342B-B38B-E356C59D207A}.MinSizeRel|x64.ActiveCfg = MinSizeRel|x64
		{A81F9880-4A44-342B-B38B-E356C59D207A}.MinSizeRel|x64.Build.0 = MinSizeRel|x64
		{A81F9880-4A44-342B-B38B-E356C59D207A}.RelWithDebInfo|x64.ActiveCfg = RelWithDebInfo|x64
		{A81F9880-4A44-342B-B38B-E356C59D207A}.RelWithDebInfo|x64.Build.0 = RelWithDebInfo|x64
		{1F824CCA-A470-3977-B069-0F170938212F}.Debug|x64.ActiveCfg = Debug|x64
		{1F824CCA-A470-3977-B069-0F170938212F}.Debug|x64.Build.0 = Debug|x64
		{1F824CCA-A470-3977-B069-0F170938212F}.Release|x64.ActiveCfg = Release|x64
		{1F824CCA-A470-3977-B069-0F170938212F}.Release|x64.Build.0 = Release|x64
		{1F824CCA-A470-3977-B069-0F170938212F}.MinSizeRel|x64.ActiveCfg = MinSizeRel|x64
		{1F824CCA-A470-3977-B069-0F170938212F}.MinSizeRel|x64.Build.0 = MinSizeRel|x64
		{1F824CCA-A470-3977-B069-0F170938212F}.RelWithDebInfo|x64.ActiveCfg = RelWithDebInfo|x64
		{1F824CCA-A470-3977-B069-0F170938212F}.RelWithDebInfo|x64.Build.0 = RelWithDebInfo|x64
		{8F2EA0CB-0AEB-3016-9DF0-8DB9578C8F64}.Debug|x64.ActiveCfg = Debug|x64
		{8F2EA0CB-0AEB-3016-9DF0-8DB9578C8F64}.Release|x64.ActiveCfg = Release|x64
		{8F2EA0CB-0AEB-3016-9DF0-8DB9578C8F64}.MinSizeRel|x64.ActiveCfg = MinSizeRel|x64
		{8F2EA0CB-0AEB-3016-9DF0-8DB9578C8F64}.RelWithDebInfo|x64.ActiveCfg = RelWithDebInfo|x64
		{B1628A76-E9AC-3AD4-B267-019EA1DABF72}.Debug|x64.ActiveCfg = Debug|x64
		{B1628A76-E9AC-3AD4-B267-019EA1DABF72}.Debug|x64.Build.0 = Debug|x64
		{B1628A76-E9AC-3AD4-B267-019EA1DABF72}.Release|x64.ActiveCfg = Release|x64
		{B1628A76-E9AC-3AD4-B267-019EA1DABF72}.Release|x64.Build.0 = Release|x64
		{B1628A76-E9AC-3AD4-B267-019EA1DABF72}.MinSizeRel|x64.ActiveCfg = MinSizeRel|x64
		{B1628A76-E9AC-3AD4-B267-019EA1DABF72}.MinSizeRel|x64.Build.0 = MinSizeRel|x64
		{B1628A76-E9AC-3AD4-B267-019EA1DABF72}.RelWithDebInfo|x64.ActiveCfg = RelWithDebInfo|x64
		{B1628A76-E9AC-3AD4-B267-019EA1DABF72}.RelWithDebInfo|x64.Build.0 = RelWithDebInfo|x64
		{BA9146FF-6D44-3E4D-B1CB-72EA47F2D8D6}.Debug|x64.ActiveCfg = Debug|x64
		{BA9146FF-6D44-3E4D-B1CB-72EA47F2D8D6}.Debug|x64.Build.0 = Debug|x64
		{BA9146FF-6D44-3E4D-B1CB-72EA47F2D8D6}.Release|x64.ActiveCfg = Release|x64
		{BA9146FF-6D44-3E4D-B1CB-72EA47F2D8D6}.Release|x64.Build.0 = Release|x64
		{BA9146FF-6D44-3E4D-B1CB-72EA47F2D8D6}.MinSizeRel|x64.ActiveCfg = MinSizeRel|x64
		{BA9146FF-6D44-3E4D-B1CB-72EA47F2D8D6}.MinSizeRel|x64.Build.0 = MinSizeRel|x64
		{BA9146FF-6D44-3E4D-B1CB-72EA47F2D8D6}.RelWithDebInfo|x64.ActiveCfg = RelWithDebInfo|x64
		{BA9146FF-6D44-3E4D-B1CB-72EA47F2D8D6}.RelWithDebInfo|x64.Build.0 = RelWithDebInfo|x64
		{350248FC-86C3-3AD5-9C2E-F595C8C23961}.Debug|x64.ActiveCfg = Debug|x64
		{350248FC-86C3-3AD5-9C2E-F595C8C23961}.Debug|x64.Build.0 = Debug|x64
		{350248FC-86C3-3AD5-9C2E-F595C8C23961}.Release|x64.ActiveCfg = Release|x64
		{350248FC-86C3-3AD5-9C2E-F595C8C23961}.Release|x64.Build.0 = Release|x64
		{350248FC-86C3-3AD5-9C2E-F595C8C23961}.MinSizeRel|x64.ActiveCfg = MinSizeRel|x64
		{350248FC-86C3-3AD5-9C2E-F595C8C23961}.MinSizeRel|x64.Build.0 = MinSizeRel|x64
		{350248FC-86C3-3AD5-9C2E-F595C8C23961}.RelWithDebInfo|x64.ActiveCfg = RelWithDebInfo|x64
		{350248FC-86C3-3AD5-9C2E-F595C8C23961}.RelWithDebInfo|x64.Build.0 = RelWithDebInfo|x64
		{990EF736-1D29-383A-A286-DCA579DA5325}.Debug|x64.ActiveCfg = Debug|x64
		{990EF736-1D29-383A-A286-DCA579DA5325}.Debug|x64.Build.0 = Debug|x64
		{990EF736-1D29-383A-A286-DCA579DA5325}.Release|x64.ActiveCfg = Release|x64
		{990EF736-1D29-383A-A286-DCA579DA5325}.Release|x64.Build.0 = Release|x64
		{990EF736-1D29-383A-A286-DCA579DA5325}.MinSizeRel|x64.ActiveCfg = MinSizeRel|x64
		{990EF736-1D29-383A-A286-DCA579DA5325}.MinSizeRel|x64.Build.0 = MinSizeRel|x64
		{990EF736-1D29-383A-A286-DCA579DA5325}.RelWithDebInfo|x64.ActiveCfg = RelWithDebInfo|x64
		{990EF736-1D29-383A-A286-DCA579DA5325}.RelWithDebInfo|x64.Build.0 = RelWithDebInfo|x64
		{9881CEB4-E50F-3D7F-91DA-DA68C055F062}.Debug|x64.ActiveCfg = Debug|x64
		{9881CEB4-E50F-3D7F-91DA-DA68C055F062}.Debug|x64.Build.0 = Debug|x64
		{9881CEB4-E50F-3D7F-91DA-DA68C055F062}.Release|x64.ActiveCfg = Release|x64
		{9881CEB4-E50F-3D7F-91DA-DA68C055F062}.Release|x64.Build.0 = Release|x64
		{9881CEB4-E50F-3D7F-91DA-DA68C055F062}.MinSizeRel|x64.ActiveCfg = MinSizeRel|x64
		{9881CEB4-E50F-3D7F-91DA-DA68C055F062}.MinSizeRel|x64.Build.0 = MinSizeRel|x64
		{9881CEB4-E50F-3D7F-91DA-DA68C055F062}.RelWithDebInfo|x64.ActiveCfg = RelWithDebInfo|x64
		{9881CEB4-E50F-3D7F-91DA-DA68C055F062}.RelWithDebInfo|x64.Build.0 = RelWithDebInfo|x64
	EndGlobalSection
	GlobalSection(ExtensibilityGlobals) = postSolution
	EndGlobalSection
	GlobalSection(ExtensibilityAddIns) = postSolution
	EndGlobalSection
EndGlobal
